// !$*UTF8*$!
{
	archiveVersion = 1;
	classes = {
	};
	objectVersion = 50;
	objects = {

/* Begin PBXBuildFile section */
		B51784CB25D874E7004472DB /* NotificationObjects.swift in Sources */ = {isa = PBXBuildFile; fileRef = B51784CA25D874E7004472DB /* NotificationObjects.swift */; };
		B51784CE25D890BE004472DB /* VoteRow.xib in Resources */ = {isa = PBXBuildFile; fileRef = B51784CD25D890BE004472DB /* VoteRow.xib */; };
		B51784D325D8942C004472DB /* GameView.swift in Sources */ = {isa = PBXBuildFile; fileRef = B51784D225D8942C004472DB /* GameView.swift */; };
		B51784D725D8946A004472DB /* VoteRowStack.swift in Sources */ = {isa = PBXBuildFile; fileRef = B51784D625D8946A004472DB /* VoteRowStack.swift */; };
		B51A4F4525D86A9D0035C50D /* RadioVoteButton.swift in Sources */ = {isa = PBXBuildFile; fileRef = B51A4F4425D86A9D0035C50D /* RadioVoteButton.swift */; };
		B544121B25EFD7B900C0D629 /* Netowrk.swift in Sources */ = {isa = PBXBuildFile; fileRef = B544121A25EFD7B900C0D629 /* Netowrk.swift */; };
		B5527DC325E57AD900DE2096 /* ImagesViewModel.swift in Sources */ = {isa = PBXBuildFile; fileRef = B5527DC225E57AD900DE2096 /* ImagesViewModel.swift */; };
		B577223625D89FC90024BA72 /* BossConstrains.swift in Sources */ = {isa = PBXBuildFile; fileRef = B577223525D89FC90024BA72 /* BossConstrains.swift */; };
		B59BBF1D25D776EB00A059C4 /* GameSurveyVM.swift in Sources */ = {isa = PBXBuildFile; fileRef = B59BBF1C25D776EB00A059C4 /* GameSurveyVM.swift */; };
		B59BBF2125D777D200A059C4 /* GameSurveyModel.swift in Sources */ = {isa = PBXBuildFile; fileRef = B59BBF2025D777D200A059C4 /* GameSurveyModel.swift */; };
		B59BBF2425D848D200A059C4 /* StatsExperience.storyboard in Resources */ = {isa = PBXBuildFile; fileRef = B59BBF2325D848D200A059C4 /* StatsExperience.storyboard */; };
		B59BBF2925D8495D00A059C4 /* StatsCollectionView.swift in Sources */ = {isa = PBXBuildFile; fileRef = B59BBF2825D8495D00A059C4 /* StatsCollectionView.swift */; };
		B59BBF2C25D84DF100A059C4 /* MainTabController.swift in Sources */ = {isa = PBXBuildFile; fileRef = B59BBF2B25D84DF100A059C4 /* MainTabController.swift */; };
		B59BBF3025D8509500A059C4 /* Strings.swift in Sources */ = {isa = PBXBuildFile; fileRef = B59BBF2F25D8509500A059C4 /* Strings.swift */; };
		B5CBA52625FA8AB900621682 /* CollectionViewModel.swift in Sources */ = {isa = PBXBuildFile; fileRef = B5CBA52525FA8AB900621682 /* CollectionViewModel.swift */; };
		B5CBA52925FA93B500621682 /* StatsModel.swift in Sources */ = {isa = PBXBuildFile; fileRef = B5CBA52825FA93B500621682 /* StatsModel.swift */; };
		B5CBA52C25FA944F00621682 /* Schema.swift in Sources */ = {isa = PBXBuildFile; fileRef = B5CBA52B25FA944F00621682 /* Schema.swift */; };
		B5CBA53025FBCEE000621682 /* KMKStatsCell.swift in Sources */ = {isa = PBXBuildFile; fileRef = B5CBA52E25FBCEE000621682 /* KMKStatsCell.swift */; };
		B5CBA53125FBCEE000621682 /* KMKStatsCell.xib in Resources */ = {isa = PBXBuildFile; fileRef = B5CBA52F25FBCEE000621682 /* KMKStatsCell.xib */; };
		B5D9458325E49E52005C6DC6 /* KMKFonts.swift in Sources */ = {isa = PBXBuildFile; fileRef = B5D9458225E49E52005C6DC6 /* KMKFonts.swift */; };
		B5D9458725E4A924005C6DC6 /* KMKSurveyConfirmation.swift in Sources */ = {isa = PBXBuildFile; fileRef = B5D9458625E4A924005C6DC6 /* KMKSurveyConfirmation.swift */; };
		B5E7A62F25D6F7520076F12C /* AppDelegate.swift in Sources */ = {isa = PBXBuildFile; fileRef = B5E7A62E25D6F7520076F12C /* AppDelegate.swift */; };
		B5E7A63125D6F7520076F12C /* SceneDelegate.swift in Sources */ = {isa = PBXBuildFile; fileRef = B5E7A63025D6F7520076F12C /* SceneDelegate.swift */; };
		B5E7A63625D6F7520076F12C /* Game.storyboard in Resources */ = {isa = PBXBuildFile; fileRef = B5E7A63425D6F7520076F12C /* Game.storyboard */; };
		B5E7A63825D6F7540076F12C /* Assets.xcassets in Resources */ = {isa = PBXBuildFile; fileRef = B5E7A63725D6F7540076F12C /* Assets.xcassets */; };
		B5E7A63B25D6F7540076F12C /* LaunchScreen.storyboard in Resources */ = {isa = PBXBuildFile; fileRef = B5E7A63925D6F7540076F12C /* LaunchScreen.storyboard */; };
/* End PBXBuildFile section */

/* Begin PBXFileReference section */
		B51784CA25D874E7004472DB /* NotificationObjects.swift */ = {isa = PBXFileReference; lastKnownFileType = sourcecode.swift; path = NotificationObjects.swift; sourceTree = "<group>"; };
		B51784CD25D890BE004472DB /* VoteRow.xib */ = {isa = PBXFileReference; fileEncoding = 4; lastKnownFileType = file.xib; path = VoteRow.xib; sourceTree = "<group>"; };
		B51784D225D8942C004472DB /* GameView.swift */ = {isa = PBXFileReference; lastKnownFileType = sourcecode.swift; path = GameView.swift; sourceTree = "<group>"; };
		B51784D625D8946A004472DB /* VoteRowStack.swift */ = {isa = PBXFileReference; lastKnownFileType = sourcecode.swift; path = VoteRowStack.swift; sourceTree = "<group>"; };
		B51A4F4425D86A9D0035C50D /* RadioVoteButton.swift */ = {isa = PBXFileReference; lastKnownFileType = sourcecode.swift; path = RadioVoteButton.swift; sourceTree = "<group>"; };
		B544121A25EFD7B900C0D629 /* Netowrk.swift */ = {isa = PBXFileReference; lastKnownFileType = sourcecode.swift; path = Netowrk.swift; sourceTree = "<group>"; };
		B5527DC225E57AD900DE2096 /* ImagesViewModel.swift */ = {isa = PBXFileReference; lastKnownFileType = sourcecode.swift; path = ImagesViewModel.swift; sourceTree = "<group>"; };
		B577223525D89FC90024BA72 /* BossConstrains.swift */ = {isa = PBXFileReference; lastKnownFileType = sourcecode.swift; path = BossConstrains.swift; sourceTree = "<group>"; };
		B59BBF1C25D776EB00A059C4 /* GameSurveyVM.swift */ = {isa = PBXFileReference; lastKnownFileType = sourcecode.swift; path = GameSurveyVM.swift; sourceTree = "<group>"; };
		B59BBF2025D777D200A059C4 /* GameSurveyModel.swift */ = {isa = PBXFileReference; lastKnownFileType = sourcecode.swift; path = GameSurveyModel.swift; sourceTree = "<group>"; };
		B59BBF2325D848D200A059C4 /* StatsExperience.storyboard */ = {isa = PBXFileReference; lastKnownFileType = file.storyboard; path = StatsExperience.storyboard; sourceTree = "<group>"; };
		B59BBF2825D8495D00A059C4 /* StatsCollectionView.swift */ = {isa = PBXFileReference; lastKnownFileType = sourcecode.swift; path = StatsCollectionView.swift; sourceTree = "<group>"; };
		B59BBF2B25D84DF100A059C4 /* MainTabController.swift */ = {isa = PBXFileReference; lastKnownFileType = sourcecode.swift; path = MainTabController.swift; sourceTree = "<group>"; };
		B59BBF2F25D8509500A059C4 /* Strings.swift */ = {isa = PBXFileReference; lastKnownFileType = sourcecode.swift; path = Strings.swift; sourceTree = "<group>"; };
		B5CBA52525FA8AB900621682 /* CollectionViewModel.swift */ = {isa = PBXFileReference; lastKnownFileType = sourcecode.swift; path = CollectionViewModel.swift; sourceTree = "<group>"; };
		B5CBA52825FA93B500621682 /* StatsModel.swift */ = {isa = PBXFileReference; lastKnownFileType = sourcecode.swift; path = StatsModel.swift; sourceTree = "<group>"; };
		B5CBA52B25FA944F00621682 /* Schema.swift */ = {isa = PBXFileReference; lastKnownFileType = sourcecode.swift; path = Schema.swift; sourceTree = "<group>"; };
		B5CBA52E25FBCEE000621682 /* KMKStatsCell.swift */ = {isa = PBXFileReference; lastKnownFileType = sourcecode.swift; path = KMKStatsCell.swift; sourceTree = "<group>"; };
		B5CBA52F25FBCEE000621682 /* KMKStatsCell.xib */ = {isa = PBXFileReference; lastKnownFileType = file.xib; path = KMKStatsCell.xib; sourceTree = "<group>"; };
		B5D9458225E49E52005C6DC6 /* KMKFonts.swift */ = {isa = PBXFileReference; lastKnownFileType = sourcecode.swift; path = KMKFonts.swift; sourceTree = "<group>"; };
		B5D9458625E4A924005C6DC6 /* KMKSurveyConfirmation.swift */ = {isa = PBXFileReference; lastKnownFileType = sourcecode.swift; path = KMKSurveyConfirmation.swift; sourceTree = "<group>"; };
		B5E7A62B25D6F7520076F12C /* Mkk-iOS.app */ = {isa = PBXFileReference; explicitFileType = wrapper.application; includeInIndex = 0; path = "Mkk-iOS.app"; sourceTree = BUILT_PRODUCTS_DIR; };
		B5E7A62E25D6F7520076F12C /* AppDelegate.swift */ = {isa = PBXFileReference; lastKnownFileType = sourcecode.swift; path = AppDelegate.swift; sourceTree = "<group>"; };
		B5E7A63025D6F7520076F12C /* SceneDelegate.swift */ = {isa = PBXFileReference; lastKnownFileType = sourcecode.swift; path = SceneDelegate.swift; sourceTree = "<group>"; };
		B5E7A63525D6F7520076F12C /* Base */ = {isa = PBXFileReference; lastKnownFileType = file.storyboard; name = Base; path = Base.lproj/Game.storyboard; sourceTree = "<group>"; };
		B5E7A63725D6F7540076F12C /* Assets.xcassets */ = {isa = PBXFileReference; lastKnownFileType = folder.assetcatalog; path = Assets.xcassets; sourceTree = "<group>"; };
		B5E7A63A25D6F7540076F12C /* Base */ = {isa = PBXFileReference; lastKnownFileType = file.storyboard; name = Base; path = Base.lproj/LaunchScreen.storyboard; sourceTree = "<group>"; };
		B5E7A63C25D6F7540076F12C /* Info.plist */ = {isa = PBXFileReference; lastKnownFileType = text.plist.xml; path = Info.plist; sourceTree = "<group>"; };
/* End PBXFileReference section */

/* Begin PBXFrameworksBuildPhase section */
		B5E7A62825D6F7520076F12C /* Frameworks */ = {
			isa = PBXFrameworksBuildPhase;
			buildActionMask = 2147483647;
			files = (
			);
			runOnlyForDeploymentPostprocessing = 0;
		};
/* End PBXFrameworksBuildPhase section */

/* Begin PBXGroup section */
		B51784D025D8938E004472DB /* VotingStack */ = {
			isa = PBXGroup;
			children = (
				B51784D225D8942C004472DB /* GameView.swift */,
				B51784D125D893AE004472DB /* VoteRow */,
			);
			path = VotingStack;
			sourceTree = "<group>";
		};
		B51784D125D893AE004472DB /* VoteRow */ = {
			isa = PBXGroup;
			children = (
				B51784CD25D890BE004472DB /* VoteRow.xib */,
				B51784D625D8946A004472DB /* VoteRowStack.swift */,
			);
			path = VoteRow;
			sourceTree = "<group>";
		};
		B577223325D89FAA0024BA72 /* Extensions */ = {
			isa = PBXGroup;
			children = (
				B577223525D89FC90024BA72 /* BossConstrains.swift */,
				B5D9458225E49E52005C6DC6 /* KMKFonts.swift */,
				B544121A25EFD7B900C0D629 /* Netowrk.swift */,
			);
			path = Extensions;
			sourceTree = "<group>";
		};
		B59BBF1825D775CA00A059C4 /* Model */ = {
			isa = PBXGroup;
			children = (
				B59BBF2025D777D200A059C4 /* GameSurveyModel.swift */,
				B59BBF2F25D8509500A059C4 /* Strings.swift */,
				B51784CA25D874E7004472DB /* NotificationObjects.swift */,
				B5CBA52825FA93B500621682 /* StatsModel.swift */,
				B5CBA52B25FA944F00621682 /* Schema.swift */,
			);
			path = Model;
			sourceTree = "<group>";
		};
		B59BBF3225D855D300A059C4 /* StatsCollection */ = {
			isa = PBXGroup;
			children = (
				B59BBF2825D8495D00A059C4 /* StatsCollectionView.swift */,
				B5CBA52E25FBCEE000621682 /* KMKStatsCell.swift */,
				B5CBA52F25FBCEE000621682 /* KMKStatsCell.xib */,
			);
			path = StatsCollection;
			sourceTree = "<group>";
		};
		B5C09C9F25D86CE700702FB3 /* KMKCustomUI */ = {
			isa = PBXGroup;
			children = (
				B5D9458625E4A924005C6DC6 /* KMKSurveyConfirmation.swift */,
				B51A4F4425D86A9D0035C50D /* RadioVoteButton.swift */,
			);
			path = KMKCustomUI;
			sourceTree = "<group>";
		};
		B5E7A62225D6F7520076F12C = {
			isa = PBXGroup;
			children = (
				B5E7A62D25D6F7520076F12C /* Mkk-iOS */,
				B5E7A62C25D6F7520076F12C /* Products */,
			);
			sourceTree = "<group>";
		};
		B5E7A62C25D6F7520076F12C /* Products */ = {
			isa = PBXGroup;
			children = (
				B5E7A62B25D6F7520076F12C /* Mkk-iOS.app */,
			);
			name = Products;
			sourceTree = "<group>";
		};
		B5E7A62D25D6F7520076F12C /* Mkk-iOS */ = {
			isa = PBXGroup;
			children = (
				B577223325D89FAA0024BA72 /* Extensions */,
				B5E7A64525D6F92C0076F12C /* ViewModel */,
				B59BBF1825D775CA00A059C4 /* Model */,
				B5E7A64425D6F9210076F12C /* View */,
				B5E7A63C25D6F7540076F12C /* Info.plist */,
			);
			path = "Mkk-iOS";
			sourceTree = "<group>";
		};
		B5E7A64425D6F9210076F12C /* View */ = {
			isa = PBXGroup;
			children = (
				B5C09C9F25D86CE700702FB3 /* KMKCustomUI */,
				B5E7A64825D6F9BF0076F12C /* boards */,
				B5E7A64725D6F9AD0076F12C /* vc */,
				B5E7A63725D6F7540076F12C /* Assets.xcassets */,
				B5E7A62E25D6F7520076F12C /* AppDelegate.swift */,
				B5E7A63025D6F7520076F12C /* SceneDelegate.swift */,
				B59BBF2B25D84DF100A059C4 /* MainTabController.swift */,
			);
			path = View;
			sourceTree = "<group>";
		};
		B5E7A64525D6F92C0076F12C /* ViewModel */ = {
			isa = PBXGroup;
			children = (
				B59BBF1C25D776EB00A059C4 /* GameSurveyVM.swift */,
				B5527DC225E57AD900DE2096 /* ImagesViewModel.swift */,
				B5CBA52525FA8AB900621682 /* CollectionViewModel.swift */,
			);
			path = ViewModel;
			sourceTree = "<group>";
		};
		B5E7A64725D6F9AD0076F12C /* vc */ = {
			isa = PBXGroup;
			children = (
				B51784D025D8938E004472DB /* VotingStack */,
				B59BBF3225D855D300A059C4 /* StatsCollection */,
			);
			path = vc;
			sourceTree = "<group>";
		};
		B5E7A64825D6F9BF0076F12C /* boards */ = {
			isa = PBXGroup;
			children = (
				B5E7A63425D6F7520076F12C /* Game.storyboard */,
				B59BBF2325D848D200A059C4 /* StatsExperience.storyboard */,
				B5E7A63925D6F7540076F12C /* LaunchScreen.storyboard */,
			);
			path = boards;
			sourceTree = "<group>";
		};
/* End PBXGroup section */

/* Begin PBXNativeTarget section */
		B5E7A62A25D6F7520076F12C /* Mkk-iOS */ = {
			isa = PBXNativeTarget;
			buildConfigurationList = B5E7A63F25D6F7540076F12C /* Build configuration list for PBXNativeTarget "Mkk-iOS" */;
			buildPhases = (
				B5E7A62725D6F7520076F12C /* Sources */,
				B5E7A62825D6F7520076F12C /* Frameworks */,
				B5E7A62925D6F7520076F12C /* Resources */,
			);
			buildRules = (
			);
			dependencies = (
			);
			name = "Mkk-iOS";
			productName = "Mkk-iOS";
			productReference = B5E7A62B25D6F7520076F12C /* Mkk-iOS.app */;
			productType = "com.apple.product-type.application";
		};
/* End PBXNativeTarget section */

/* Begin PBXProject section */
		B5E7A62325D6F7520076F12C /* Project object */ = {
			isa = PBXProject;
			attributes = {
				LastSwiftUpdateCheck = 1240;
				LastUpgradeCheck = 1240;
				TargetAttributes = {
					B5E7A62A25D6F7520076F12C = {
						CreatedOnToolsVersion = 12.4;
					};
				};
			};
			buildConfigurationList = B5E7A62625D6F7520076F12C /* Build configuration list for PBXProject "Mkk-iOS" */;
			compatibilityVersion = "Xcode 9.3";
			developmentRegion = en;
			hasScannedForEncodings = 0;
			knownRegions = (
				en,
				Base,
			);
			mainGroup = B5E7A62225D6F7520076F12C;
			productRefGroup = B5E7A62C25D6F7520076F12C /* Products */;
			projectDirPath = "";
			projectRoot = "";
			targets = (
				B5E7A62A25D6F7520076F12C /* Mkk-iOS */,
			);
		};
/* End PBXProject section */

/* Begin PBXResourcesBuildPhase section */
		B5E7A62925D6F7520076F12C /* Resources */ = {
			isa = PBXResourcesBuildPhase;
			buildActionMask = 2147483647;
			files = (
				B5E7A63B25D6F7540076F12C /* LaunchScreen.storyboard in Resources */,
				B51784CE25D890BE004472DB /* VoteRow.xib in Resources */,
				B5E7A63825D6F7540076F12C /* Assets.xcassets in Resources */,
				B5CBA53125FBCEE000621682 /* KMKStatsCell.xib in Resources */,
				B5E7A63625D6F7520076F12C /* Game.storyboard in Resources */,
				B59BBF2425D848D200A059C4 /* StatsExperience.storyboard in Resources */,
			);
			runOnlyForDeploymentPostprocessing = 0;
		};
/* End PBXResourcesBuildPhase section */

/* Begin PBXSourcesBuildPhase section */
		B5E7A62725D6F7520076F12C /* Sources */ = {
			isa = PBXSourcesBuildPhase;
			buildActionMask = 2147483647;
			files = (
				B5CBA52625FA8AB900621682 /* CollectionViewModel.swift in Sources */,
				B51784CB25D874E7004472DB /* NotificationObjects.swift in Sources */,
				B5E7A62F25D6F7520076F12C /* AppDelegate.swift in Sources */,
				B5CBA53025FBCEE000621682 /* KMKStatsCell.swift in Sources */,
				B5527DC325E57AD900DE2096 /* ImagesViewModel.swift in Sources */,
				B51A4F4525D86A9D0035C50D /* RadioVoteButton.swift in Sources */,
				B5CBA52925FA93B500621682 /* StatsModel.swift in Sources */,
				B59BBF2C25D84DF100A059C4 /* MainTabController.swift in Sources */,
				B5D9458325E49E52005C6DC6 /* KMKFonts.swift in Sources */,
				B51784D725D8946A004472DB /* VoteRowStack.swift in Sources */,
				B59BBF1D25D776EB00A059C4 /* GameSurveyVM.swift in Sources */,
				B51784D325D8942C004472DB /* GameView.swift in Sources */,
				B59BBF2925D8495D00A059C4 /* StatsCollectionView.swift in Sources */,
				B577223625D89FC90024BA72 /* BossConstrains.swift in Sources */,
				B544121B25EFD7B900C0D629 /* Netowrk.swift in Sources */,
				B59BBF3025D8509500A059C4 /* Strings.swift in Sources */,
				B5D9458725E4A924005C6DC6 /* KMKSurveyConfirmation.swift in Sources */,
				B5CBA52C25FA944F00621682 /* Schema.swift in Sources */,
				B5E7A63125D6F7520076F12C /* SceneDelegate.swift in Sources */,
				B59BBF2125D777D200A059C4 /* GameSurveyModel.swift in Sources */,
			);
			runOnlyForDeploymentPostprocessing = 0;
		};
/* End PBXSourcesBuildPhase section */

/* Begin PBXVariantGroup section */
		B5E7A63425D6F7520076F12C /* Game.storyboard */ = {
			isa = PBXVariantGroup;
			children = (
				B5E7A63525D6F7520076F12C /* Base */,
			);
			name = Game.storyboard;
			sourceTree = "<group>";
		};
		B5E7A63925D6F7540076F12C /* LaunchScreen.storyboard */ = {
			isa = PBXVariantGroup;
			children = (
				B5E7A63A25D6F7540076F12C /* Base */,
			);
			name = LaunchScreen.storyboard;
			sourceTree = "<group>";
		};
/* End PBXVariantGroup section */

/* Begin XCBuildConfiguration section */
		B5E7A63D25D6F7540076F12C /* Debug */ = {
			isa = XCBuildConfiguration;
			buildSettings = {
				ALWAYS_SEARCH_USER_PATHS = NO;
				CLANG_ANALYZER_NONNULL = YES;
				CLANG_ANALYZER_NUMBER_OBJECT_CONVERSION = YES_AGGRESSIVE;
				CLANG_CXX_LANGUAGE_STANDARD = "gnu++14";
				CLANG_CXX_LIBRARY = "libc++";
				CLANG_ENABLE_MODULES = YES;
				CLANG_ENABLE_OBJC_ARC = YES;
				CLANG_ENABLE_OBJC_WEAK = YES;
				CLANG_WARN_BLOCK_CAPTURE_AUTORELEASING = YES;
				CLANG_WARN_BOOL_CONVERSION = YES;
				CLANG_WARN_COMMA = YES;
				CLANG_WARN_CONSTANT_CONVERSION = YES;
				CLANG_WARN_DEPRECATED_OBJC_IMPLEMENTATIONS = YES;
				CLANG_WARN_DIRECT_OBJC_ISA_USAGE = YES_ERROR;
				CLANG_WARN_DOCUMENTATION_COMMENTS = YES;
				CLANG_WARN_EMPTY_BODY = YES;
				CLANG_WARN_ENUM_CONVERSION = YES;
				CLANG_WARN_INFINITE_RECURSION = YES;
				CLANG_WARN_INT_CONVERSION = YES;
				CLANG_WARN_NON_LITERAL_NULL_CONVERSION = YES;
				CLANG_WARN_OBJC_IMPLICIT_RETAIN_SELF = YES;
				CLANG_WARN_OBJC_LITERAL_CONVERSION = YES;
				CLANG_WARN_OBJC_ROOT_CLASS = YES_ERROR;
				CLANG_WARN_QUOTED_INCLUDE_IN_FRAMEWORK_HEADER = YES;
				CLANG_WARN_RANGE_LOOP_ANALYSIS = YES;
				CLANG_WARN_STRICT_PROTOTYPES = YES;
				CLANG_WARN_SUSPICIOUS_MOVE = YES;
				CLANG_WARN_UNGUARDED_AVAILABILITY = YES_AGGRESSIVE;
				CLANG_WARN_UNREACHABLE_CODE = YES;
				CLANG_WARN__DUPLICATE_METHOD_MATCH = YES;
				COPY_PHASE_STRIP = NO;
				DEBUG_INFORMATION_FORMAT = dwarf;
				ENABLE_STRICT_OBJC_MSGSEND = YES;
				ENABLE_TESTABILITY = YES;
				GCC_C_LANGUAGE_STANDARD = gnu11;
				GCC_DYNAMIC_NO_PIC = NO;
				GCC_NO_COMMON_BLOCKS = YES;
				GCC_OPTIMIZATION_LEVEL = 0;
				GCC_PREPROCESSOR_DEFINITIONS = (
					"DEBUG=1",
					"$(inherited)",
				);
				GCC_WARN_64_TO_32_BIT_CONVERSION = YES;
				GCC_WARN_ABOUT_RETURN_TYPE = YES_ERROR;
				GCC_WARN_UNDECLARED_SELECTOR = YES;
				GCC_WARN_UNINITIALIZED_AUTOS = YES_AGGRESSIVE;
				GCC_WARN_UNUSED_FUNCTION = YES;
				GCC_WARN_UNUSED_VARIABLE = YES;
				IPHONEOS_DEPLOYMENT_TARGET = 14.4;
				MTL_ENABLE_DEBUG_INFO = INCLUDE_SOURCE;
				MTL_FAST_MATH = YES;
				ONLY_ACTIVE_ARCH = YES;
				SDKROOT = iphoneos;
				SWIFT_ACTIVE_COMPILATION_CONDITIONS = DEBUG;
				SWIFT_OPTIMIZATION_LEVEL = "-Onone";
			};
			name = Debug;
		};
		B5E7A63E25D6F7540076F12C /* Release */ = {
			isa = XCBuildConfiguration;
			buildSettings = {
				ALWAYS_SEARCH_USER_PATHS = NO;
				CLANG_ANALYZER_NONNULL = YES;
				CLANG_ANALYZER_NUMBER_OBJECT_CONVERSION = YES_AGGRESSIVE;
				CLANG_CXX_LANGUAGE_STANDARD = "gnu++14";
				CLANG_CXX_LIBRARY = "libc++";
				CLANG_ENABLE_MODULES = YES;
				CLANG_ENABLE_OBJC_ARC = YES;
				CLANG_ENABLE_OBJC_WEAK = YES;
				CLANG_WARN_BLOCK_CAPTURE_AUTORELEASING = YES;
				CLANG_WARN_BOOL_CONVERSION = YES;
				CLANG_WARN_COMMA = YES;
				CLANG_WARN_CONSTANT_CONVERSION = YES;
				CLANG_WARN_DEPRECATED_OBJC_IMPLEMENTATIONS = YES;
				CLANG_WARN_DIRECT_OBJC_ISA_USAGE = YES_ERROR;
				CLANG_WARN_DOCUMENTATION_COMMENTS = YES;
				CLANG_WARN_EMPTY_BODY = YES;
				CLANG_WARN_ENUM_CONVERSION = YES;
				CLANG_WARN_INFINITE_RECURSION = YES;
				CLANG_WARN_INT_CONVERSION = YES;
				CLANG_WARN_NON_LITERAL_NULL_CONVERSION = YES;
				CLANG_WARN_OBJC_IMPLICIT_RETAIN_SELF = YES;
				CLANG_WARN_OBJC_LITERAL_CONVERSION = YES;
				CLANG_WARN_OBJC_ROOT_CLASS = YES_ERROR;
				CLANG_WARN_QUOTED_INCLUDE_IN_FRAMEWORK_HEADER = YES;
				CLANG_WARN_RANGE_LOOP_ANALYSIS = YES;
				CLANG_WARN_STRICT_PROTOTYPES = YES;
				CLANG_WARN_SUSPICIOUS_MOVE = YES;
				CLANG_WARN_UNGUARDED_AVAILABILITY = YES_AGGRESSIVE;
				CLANG_WARN_UNREACHABLE_CODE = YES;
				CLANG_WARN__DUPLICATE_METHOD_MATCH = YES;
				COPY_PHASE_STRIP = NO;
				DEBUG_INFORMATION_FORMAT = "dwarf-with-dsym";
				ENABLE_NS_ASSERTIONS = NO;
				ENABLE_STRICT_OBJC_MSGSEND = YES;
				GCC_C_LANGUAGE_STANDARD = gnu11;
				GCC_NO_COMMON_BLOCKS = YES;
				GCC_WARN_64_TO_32_BIT_CONVERSION = YES;
				GCC_WARN_ABOUT_RETURN_TYPE = YES_ERROR;
				GCC_WARN_UNDECLARED_SELECTOR = YES;
				GCC_WARN_UNINITIALIZED_AUTOS = YES_AGGRESSIVE;
				GCC_WARN_UNUSED_FUNCTION = YES;
				GCC_WARN_UNUSED_VARIABLE = YES;
				IPHONEOS_DEPLOYMENT_TARGET = 14.4;
				MTL_ENABLE_DEBUG_INFO = NO;
				MTL_FAST_MATH = YES;
				SDKROOT = iphoneos;
				SWIFT_COMPILATION_MODE = wholemodule;
				SWIFT_OPTIMIZATION_LEVEL = "-O";
				VALIDATE_PRODUCT = YES;
			};
			name = Release;
		};
		B5E7A64025D6F7540076F12C /* Debug */ = {
			isa = XCBuildConfiguration;
			buildSettings = {
				ASSETCATALOG_COMPILER_APPICON_NAME = AppIcon;
				ASSETCATALOG_COMPILER_GLOBAL_ACCENT_COLOR_NAME = AccentColor;
				CODE_SIGN_STYLE = Automatic;
				DEVELOPMENT_TEAM = 3463GQXGTB;
				INFOPLIST_FILE = "Mkk-iOS/Info.plist";
				IPHONEOS_DEPLOYMENT_TARGET = 14.1;
				LD_RUNPATH_SEARCH_PATHS = (
					"$(inherited)",
					"@executable_path/Frameworks",
				);
				MARKETING_VERSION = 0.7.0;
				PRODUCT_BUNDLE_IDENTIFIER = "com.lozzoc.Mkk-iOS";
				PRODUCT_NAME = "$(TARGET_NAME)";
				SWIFT_VERSION = 5.0;
				TARGETED_DEVICE_FAMILY = "1,2";
			};
			name = Debug;
		};
		B5E7A64125D6F7540076F12C /* Release */ = {
			isa = XCBuildConfiguration;
			buildSettings = {
				ASSETCATALOG_COMPILER_APPICON_NAME = AppIcon;
				ASSETCATALOG_COMPILER_GLOBAL_ACCENT_COLOR_NAME = AccentColor;
				CODE_SIGN_STYLE = Automatic;
				DEVELOPMENT_TEAM = 3463GQXGTB;
				INFOPLIST_FILE = "Mkk-iOS/Info.plist";
				IPHONEOS_DEPLOYMENT_TARGET = 14.1;
				LD_RUNPATH_SEARCH_PATHS = (
					"$(inherited)",
					"@executable_path/Frameworks",
				);
				MARKETING_VERSION = 0.7.0;
				PRODUCT_BUNDLE_IDENTIFIER = "com.lozzoc.Mkk-iOS";
				PRODUCT_NAME = "$(TARGET_NAME)";
				SWIFT_VERSION = 5.0;
				TARGETED_DEVICE_FAMILY = "1,2";
			};
			name = Release;
		};
/* End XCBuildConfiguration section */

/* Begin XCConfigurationList section */
		B5E7A62625D6F7520076F12C /* Build configuration list for PBXProject "Mkk-iOS" */ = {
			isa = XCConfigurationList;
			buildConfigurations = (
				B5E7A63D25D6F7540076F12C /* Debug */,
				B5E7A63E25D6F7540076F12C /* Release */,
			);
			defaultConfigurationIsVisible = 0;
			defaultConfigurationName = Release;
		};
		B5E7A63F25D6F7540076F12C /* Build configuration list for PBXNativeTarget "Mkk-iOS" */ = {
			isa = XCConfigurationList;
			buildConfigurations = (
				B5E7A64025D6F7540076F12C /* Debug */,
				B5E7A64125D6F7540076F12C /* Release */,
			);
			defaultConfigurationIsVisible = 0;
			defaultConfigurationName = Release;
		};
/* End XCConfigurationList section */
	};
	rootObject = B5E7A62325D6F7520076F12C /* Project object */;
}
