// !$*UTF8*$!
{
	archiveVersion = 1;
	classes = {
	};
	objectVersion = 54;
	objects = {

/* Begin PBXBuildFile section */
		0178B6DE9157D3E7691ACD72 /* Pods_Mkk_iOS.framework in Frameworks */ = {isa = PBXBuildFile; fileRef = AA58CB06D6B838C0A949E881 /* Pods_Mkk_iOS.framework */; };
		88D8603C82A44D3C53BFEDE1 /* Pods_Mkk_iOSTests.framework in Frameworks */ = {isa = PBXBuildFile; fileRef = BFEDF294E5679BC97DB1DC51 /* Pods_Mkk_iOSTests.framework */; };
		B51784CB25D874E7004472DB /* NotificationObjects.swift in Sources */ = {isa = PBXBuildFile; fileRef = B51784CA25D874E7004472DB /* NotificationObjects.swift */; };
		B521F34A2618DA7400E7A87D /* CoreData.swift in Sources */ = {isa = PBXBuildFile; fileRef = B521F3492618DA7400E7A87D /* CoreData.swift */; };
		B544121B25EFD7B900C0D629 /* Netowrk.swift in Sources */ = {isa = PBXBuildFile; fileRef = B544121A25EFD7B900C0D629 /* Netowrk.swift */; };
		B54651A426F6A85400A16F38 /* WidgetKit.framework in Frameworks */ = {isa = PBXBuildFile; fileRef = B54651A326F6A85400A16F38 /* WidgetKit.framework */; };
		B54651A626F6A85400A16F38 /* SwiftUI.framework in Frameworks */ = {isa = PBXBuildFile; fileRef = B54651A526F6A85400A16F38 /* SwiftUI.framework */; };
		B54651A926F6A85400A16F38 /* SavedDataInfotainment.swift in Sources */ = {isa = PBXBuildFile; fileRef = B54651A826F6A85400A16F38 /* SavedDataInfotainment.swift */; };
		B54651AC26F6A85600A16F38 /* Assets.xcassets in Resources */ = {isa = PBXBuildFile; fileRef = B54651AB26F6A85600A16F38 /* Assets.xcassets */; };
		B54651AE26F6A85600A16F38 /* SavedDataInfotainment.intentdefinition in Sources */ = {isa = PBXBuildFile; fileRef = B54651AA26F6A85400A16F38 /* SavedDataInfotainment.intentdefinition */; };
		B54651AF26F6A85600A16F38 /* SavedDataInfotainment.intentdefinition in Sources */ = {isa = PBXBuildFile; fileRef = B54651AA26F6A85400A16F38 /* SavedDataInfotainment.intentdefinition */; };
		B54651D026F78C6900A16F38 /* JumbotronLayout.swift in Sources */ = {isa = PBXBuildFile; fileRef = B54651CF26F78C6900A16F38 /* JumbotronLayout.swift */; };
		B54651D126F78F8E00A16F38 /* JumbotronLayout.swift in Sources */ = {isa = PBXBuildFile; fileRef = B54651CF26F78C6900A16F38 /* JumbotronLayout.swift */; };
		B54651D526F7E13700A16F38 /* ProgressBar.swift in Sources */ = {isa = PBXBuildFile; fileRef = B54651D326F7E11F00A16F38 /* ProgressBar.swift */; };
		B54651D626F7E14300A16F38 /* ProgressBar.swift in Sources */ = {isa = PBXBuildFile; fileRef = B54651D326F7E11F00A16F38 /* ProgressBar.swift */; };
		B547291E274A949A005DCF8A /* SaveOrDiscardHostingController.swift in Sources */ = {isa = PBXBuildFile; fileRef = B547291D274A949A005DCF8A /* SaveOrDiscardHostingController.swift */; };
		B5472920274AA0ED005DCF8A /* ConfirmOrDiscardView.swift in Sources */ = {isa = PBXBuildFile; fileRef = B547291F274AA0ED005DCF8A /* ConfirmOrDiscardView.swift */; };
		B5472922274AA91A005DCF8A /* KMKSwiftUIStyles.swift in Sources */ = {isa = PBXBuildFile; fileRef = B5472921274AA91A005DCF8A /* KMKSwiftUIStyles.swift */; };
		B5472924274B30FE005DCF8A /* KittyDetailsView.swift in Sources */ = {isa = PBXBuildFile; fileRef = B5472923274B30FE005DCF8A /* KittyDetailsView.swift */; };
		B5472926274B4D56005DCF8A /* KittieDetailsSwiftUI.swift in Sources */ = {isa = PBXBuildFile; fileRef = B5472925274B4D56005DCF8A /* KittieDetailsSwiftUI.swift */; };
		B5527DC325E57AD900DE2096 /* ImagesViewModel.swift in Sources */ = {isa = PBXBuildFile; fileRef = B5527DC225E57AD900DE2096 /* ImagesViewModel.swift */; };
		B57427FD2618AA3200532B21 /* NetworkTests.swift in Sources */ = {isa = PBXBuildFile; fileRef = B57427FC2618AA3200532B21 /* NetworkTests.swift */; };
		B57428032618AC3A00532B21 /* MockNetwork.json in Resources */ = {isa = PBXBuildFile; fileRef = B57428022618AC3A00532B21 /* MockNetwork.json */; };
		B57428062618B28B00532B21 /* MockNetwork.json in Resources */ = {isa = PBXBuildFile; fileRef = B57428022618AC3A00532B21 /* MockNetwork.json */; };
		B57512B4261A77AA00527CD5 /* SurveyCacheViewModel.swift in Sources */ = {isa = PBXBuildFile; fileRef = B57512B3261A77AA00527CD5 /* SurveyCacheViewModel.swift */; };
		B57512B8261A79FC00527CD5 /* SurveysCollectionVIew.swift in Sources */ = {isa = PBXBuildFile; fileRef = B57512B7261A79FC00527CD5 /* SurveysCollectionVIew.swift */; };
		B57512BE261A7A1400527CD5 /* sample_survey.json in Resources */ = {isa = PBXBuildFile; fileRef = B57512BD261A7A1400527CD5 /* sample_survey.json */; };
		B57512C1261A7CA600527CD5 /* CollectionViewModel.swift in Sources */ = {isa = PBXBuildFile; fileRef = B5CBA52525FA8AB900621682 /* CollectionViewModel.swift */; };
		B57512C4261A7CF700527CD5 /* StatsModel.swift in Sources */ = {isa = PBXBuildFile; fileRef = B5CBA52825FA93B500621682 /* StatsModel.swift */; };
		B57512C7261A7CF700527CD5 /* StatsModel.swift in Sources */ = {isa = PBXBuildFile; fileRef = B5CBA52825FA93B500621682 /* StatsModel.swift */; };
		B577223625D89FC90024BA72 /* BossConstrains.swift in Sources */ = {isa = PBXBuildFile; fileRef = B577223525D89FC90024BA72 /* BossConstrains.swift */; };
		B59BBF1D25D776EB00A059C4 /* GameSurveyVM.swift in Sources */ = {isa = PBXBuildFile; fileRef = B59BBF1C25D776EB00A059C4 /* GameSurveyVM.swift */; };
		B59BBF2125D777D200A059C4 /* GameSurveyModel.swift in Sources */ = {isa = PBXBuildFile; fileRef = B59BBF2025D777D200A059C4 /* GameSurveyModel.swift */; };
		B59BBF2C25D84DF100A059C4 /* MainTabController.swift in Sources */ = {isa = PBXBuildFile; fileRef = B59BBF2B25D84DF100A059C4 /* MainTabController.swift */; };
		B59BBF3025D8509500A059C4 /* Strings.swift in Sources */ = {isa = PBXBuildFile; fileRef = B59BBF2F25D8509500A059C4 /* Strings.swift */; };
		B5A46C0926250A6E00F9E154 /* RealmModel.swift in Sources */ = {isa = PBXBuildFile; fileRef = B5A46C0826250A6E00F9E154 /* RealmModel.swift */; };
		B5A46C0D26250AB000F9E154 /* RealmCrud.swift in Sources */ = {isa = PBXBuildFile; fileRef = B5A46C0C26250AB000F9E154 /* RealmCrud.swift */; };
		B5A46C3B262518BF00F9E154 /* breeds.json in Resources */ = {isa = PBXBuildFile; fileRef = B5A46C3A262518BF00F9E154 /* breeds.json */; };
		B5B54C4D2616183C00B18377 /* EmptySegue.swift in Sources */ = {isa = PBXBuildFile; fileRef = B5B54C4C2616183C00B18377 /* EmptySegue.swift */; };
		B5B54C712617A11D00B18377 /* VoteViewModelTests.swift in Sources */ = {isa = PBXBuildFile; fileRef = B5B54C702617A11D00B18377 /* VoteViewModelTests.swift */; };
		B5B54C7A2617A13700B18377 /* GameSurveyVM.swift in Sources */ = {isa = PBXBuildFile; fileRef = B59BBF1C25D776EB00A059C4 /* GameSurveyVM.swift */; };
		B5B54C7D2617A13A00B18377 /* ImagesViewModel.swift in Sources */ = {isa = PBXBuildFile; fileRef = B5527DC225E57AD900DE2096 /* ImagesViewModel.swift */; };
		B5B54C802617A14F00B18377 /* Netowrk.swift in Sources */ = {isa = PBXBuildFile; fileRef = B544121A25EFD7B900C0D629 /* Netowrk.swift */; };
		B5B54C832617A15E00B18377 /* Schema.swift in Sources */ = {isa = PBXBuildFile; fileRef = B5CBA52B25FA944F00621682 /* Schema.swift */; };
		B5B54C862617A16300B18377 /* NotificationObjects.swift in Sources */ = {isa = PBXBuildFile; fileRef = B51784CA25D874E7004472DB /* NotificationObjects.swift */; };
		B5B54C892617A16600B18377 /* Strings.swift in Sources */ = {isa = PBXBuildFile; fileRef = B59BBF2F25D8509500A059C4 /* Strings.swift */; };
		B5B54C8C2617A34700B18377 /* GameSurveyModel.swift in Sources */ = {isa = PBXBuildFile; fileRef = B59BBF2025D777D200A059C4 /* GameSurveyModel.swift */; };
		B5B54C902617A64100B18377 /* Protocols.swift in Sources */ = {isa = PBXBuildFile; fileRef = B5B54C8F2617A64100B18377 /* Protocols.swift */; };
		B5B54C932617A66100B18377 /* Protocols.swift in Sources */ = {isa = PBXBuildFile; fileRef = B5B54C8F2617A64100B18377 /* Protocols.swift */; };
		B5B54CA72617C6BF00B18377 /* Model.xcdatamodeld in Sources */ = {isa = PBXBuildFile; fileRef = B5B54CA52617C6BF00B18377 /* Model.xcdatamodeld */; };
		B5B54CE62617F9E600B18377 /* KITTY_API_CONFIG.swift in Sources */ = {isa = PBXBuildFile; fileRef = B5B54CE52617F9E600B18377 /* KITTY_API_CONFIG.swift */; };
		B5CBA52625FA8AB900621682 /* CollectionViewModel.swift in Sources */ = {isa = PBXBuildFile; fileRef = B5CBA52525FA8AB900621682 /* CollectionViewModel.swift */; };
		B5CBA52C25FA944F00621682 /* Schema.swift in Sources */ = {isa = PBXBuildFile; fileRef = B5CBA52B25FA944F00621682 /* Schema.swift */; };
		B5D9458325E49E52005C6DC6 /* KMKFonts.swift in Sources */ = {isa = PBXBuildFile; fileRef = B5D9458225E49E52005C6DC6 /* KMKFonts.swift */; };
		B5DBA93B27418FC50075A45D /* GoogleService-Info.plist in Resources */ = {isa = PBXBuildFile; fileRef = B5DBA93A27418FC50075A45D /* GoogleService-Info.plist */; };
		B5DBA93D2741AF9B0075A45D /* ZeusToggles.swift in Sources */ = {isa = PBXBuildFile; fileRef = B5DBA93C2741AF9B0075A45D /* ZeusToggles.swift */; };
		B5DBA93F2741B7CB0075A45D /* LoadingButton.swift in Sources */ = {isa = PBXBuildFile; fileRef = B5DBA93E2741B7CB0075A45D /* LoadingButton.swift */; };
		B5E7A62F25D6F7520076F12C /* AppDelegate.swift in Sources */ = {isa = PBXBuildFile; fileRef = B5E7A62E25D6F7520076F12C /* AppDelegate.swift */; };
		B5E7A63125D6F7520076F12C /* SceneDelegate.swift in Sources */ = {isa = PBXBuildFile; fileRef = B5E7A63025D6F7520076F12C /* SceneDelegate.swift */; };
		B5E7A63825D6F7540076F12C /* Assets.xcassets in Resources */ = {isa = PBXBuildFile; fileRef = B5E7A63725D6F7540076F12C /* Assets.xcassets */; };
		B5E7A63B25D6F7540076F12C /* LaunchScreen.storyboard in Resources */ = {isa = PBXBuildFile; fileRef = B5E7A63925D6F7540076F12C /* LaunchScreen.storyboard */; };
		B5F4317C27499289008DAE78 /* ListKittiesView.swift in Sources */ = {isa = PBXBuildFile; fileRef = B5F4317B27499289008DAE78 /* ListKittiesView.swift */; };
		C6082C0327810D420005D81F /* WhileYouWereAwayAlert.swift in Sources */ = {isa = PBXBuildFile; fileRef = C6082C0227810D420005D81F /* WhileYouWereAwayAlert.swift */; };
		C6202D24277AA618003F4D32 /* KittyActionButtonContainer.swift in Sources */ = {isa = PBXBuildFile; fileRef = C6202D23277AA617003F4D32 /* KittyActionButtonContainer.swift */; };
		C6202D28277AB0C6003F4D32 /* PourWaterTile.swift in Sources */ = {isa = PBXBuildFile; fileRef = C6202D27277AB0C6003F4D32 /* PourWaterTile.swift */; };
		C6202D2A277AB0E0003F4D32 /* FoodBowlTile.swift in Sources */ = {isa = PBXBuildFile; fileRef = C6202D29277AB0E0003F4D32 /* FoodBowlTile.swift */; };
		C6202D2C277AB19F003F4D32 /* UseToyTile.swift in Sources */ = {isa = PBXBuildFile; fileRef = C6202D2B277AB19F003F4D32 /* UseToyTile.swift */; };
		C6202D2E277AB2A0003F4D32 /* HintWrapper.swift in Sources */ = {isa = PBXBuildFile; fileRef = C6202D2D277AB2A0003F4D32 /* HintWrapper.swift */; };
		C6202D30277B82B4003F4D32 /* KittyPlagroundHostingController.swift in Sources */ = {isa = PBXBuildFile; fileRef = C6202D2F277B82B4003F4D32 /* KittyPlagroundHostingController.swift */; };
		C6202D33277B949C003F4D32 /* ActionButtonViewControllerTests.swift in Sources */ = {isa = PBXBuildFile; fileRef = C6202D32277B949C003F4D32 /* ActionButtonViewControllerTests.swift */; };
		C6202D35277B99C2003F4D32 /* PlaygroundState.plist in Resources */ = {isa = PBXBuildFile; fileRef = C6202D34277B99C2003F4D32 /* PlaygroundState.plist */; };
		C6202D37277BA053003F4D32 /* KittyPlistManager.swift in Sources */ = {isa = PBXBuildFile; fileRef = C6202D36277BA053003F4D32 /* KittyPlistManager.swift */; };
		C678C6582790C68200078926 /* FoodLevelIndicator.swift in Sources */ = {isa = PBXBuildFile; fileRef = C678C6572790C68200078926 /* FoodLevelIndicator.swift */; };
		C695B6322761515200FB00F7 /* ScheduleKittyView.swift in Sources */ = {isa = PBXBuildFile; fileRef = C695B6312761515200FB00F7 /* ScheduleKittyView.swift */; };
		C69EDAFA278A364300FE619E /* Date.swift in Sources */ = {isa = PBXBuildFile; fileRef = C69EDAF9278A364300FE619E /* Date.swift */; };
		C69EDAFC278A486300FE619E /* KMKButtons.swift in Sources */ = {isa = PBXBuildFile; fileRef = C69EDAFB278A486300FE619E /* KMKButtons.swift */; };
		C6B1AD792780FE0600BFA90B /* ToyItumListView.swift in Sources */ = {isa = PBXBuildFile; fileRef = C6B1AD782780FE0600BFA90B /* ToyItumListView.swift */; };
		C6EEB63F2790FCFC00EACF27 /* ListKittiesHostingController.swift in Sources */ = {isa = PBXBuildFile; fileRef = C6EEB63E2790FCFC00EACF27 /* ListKittiesHostingController.swift */; };
		C6FB3E5E277F83270010C076 /* KMKImagePicker.swift in Sources */ = {isa = PBXBuildFile; fileRef = C6FB3E5D277F83270010C076 /* KMKImagePicker.swift */; };
		C6FB3E602780C3AF0010C076 /* WanderingKittyModel.swift in Sources */ = {isa = PBXBuildFile; fileRef = C6FB3E5F2780C3AF0010C076 /* WanderingKittyModel.swift */; };
/* End PBXBuildFile section */

/* Begin PBXContainerItemProxy section */
		B5B54C732617A11D00B18377 /* PBXContainerItemProxy */ = {
			isa = PBXContainerItemProxy;
			containerPortal = B5E7A62325D6F7520076F12C /* Project object */;
			proxyType = 1;
			remoteGlobalIDString = B5E7A62A25D6F7520076F12C;
			remoteInfo = "Mkk-iOS";
		};
/* End PBXContainerItemProxy section */

/* Begin PBXFileReference section */
		4FC131466976AA12FA0CB21F /* Pods-Mkk-iOSTests.release.xcconfig */ = {isa = PBXFileReference; includeInIndex = 1; lastKnownFileType = text.xcconfig; name = "Pods-Mkk-iOSTests.release.xcconfig"; path = "Target Support Files/Pods-Mkk-iOSTests/Pods-Mkk-iOSTests.release.xcconfig"; sourceTree = "<group>"; };
		AA58CB06D6B838C0A949E881 /* Pods_Mkk_iOS.framework */ = {isa = PBXFileReference; explicitFileType = wrapper.framework; includeInIndex = 0; path = Pods_Mkk_iOS.framework; sourceTree = BUILT_PRODUCTS_DIR; };
		B2381C6BCA850B28816BCB03 /* Pods-Mkk-iOS.release.xcconfig */ = {isa = PBXFileReference; includeInIndex = 1; lastKnownFileType = text.xcconfig; name = "Pods-Mkk-iOS.release.xcconfig"; path = "Target Support Files/Pods-Mkk-iOS/Pods-Mkk-iOS.release.xcconfig"; sourceTree = "<group>"; };
		B51784CA25D874E7004472DB /* NotificationObjects.swift */ = {isa = PBXFileReference; lastKnownFileType = sourcecode.swift; path = NotificationObjects.swift; sourceTree = "<group>"; };
		B521F3492618DA7400E7A87D /* CoreData.swift */ = {isa = PBXFileReference; lastKnownFileType = sourcecode.swift; path = CoreData.swift; sourceTree = "<group>"; };
		B544121A25EFD7B900C0D629 /* Netowrk.swift */ = {isa = PBXFileReference; lastKnownFileType = sourcecode.swift; path = Netowrk.swift; sourceTree = "<group>"; };
		B54651A226F6A85400A16F38 /* SavedDataInfotainmentExtension.appex */ = {isa = PBXFileReference; explicitFileType = "wrapper.app-extension"; includeInIndex = 0; path = SavedDataInfotainmentExtension.appex; sourceTree = BUILT_PRODUCTS_DIR; };
		B54651A326F6A85400A16F38 /* WidgetKit.framework */ = {isa = PBXFileReference; lastKnownFileType = wrapper.framework; name = WidgetKit.framework; path = System/Library/Frameworks/WidgetKit.framework; sourceTree = SDKROOT; };
		B54651A526F6A85400A16F38 /* SwiftUI.framework */ = {isa = PBXFileReference; lastKnownFileType = wrapper.framework; name = SwiftUI.framework; path = System/Library/Frameworks/SwiftUI.framework; sourceTree = SDKROOT; };
		B54651A826F6A85400A16F38 /* SavedDataInfotainment.swift */ = {isa = PBXFileReference; lastKnownFileType = sourcecode.swift; path = SavedDataInfotainment.swift; sourceTree = "<group>"; };
		B54651AA26F6A85400A16F38 /* SavedDataInfotainment.intentdefinition */ = {isa = PBXFileReference; lastKnownFileType = file.intentdefinition; path = SavedDataInfotainment.intentdefinition; sourceTree = "<group>"; };
		B54651AB26F6A85600A16F38 /* Assets.xcassets */ = {isa = PBXFileReference; lastKnownFileType = folder.assetcatalog; path = Assets.xcassets; sourceTree = "<group>"; };
		B54651AD26F6A85600A16F38 /* Info.plist */ = {isa = PBXFileReference; lastKnownFileType = text.plist.xml; path = Info.plist; sourceTree = "<group>"; };
		B54651CF26F78C6900A16F38 /* JumbotronLayout.swift */ = {isa = PBXFileReference; lastKnownFileType = sourcecode.swift; path = JumbotronLayout.swift; sourceTree = "<group>"; };
		B54651D326F7E11F00A16F38 /* ProgressBar.swift */ = {isa = PBXFileReference; lastKnownFileType = sourcecode.swift; path = ProgressBar.swift; sourceTree = "<group>"; };
		B547291D274A949A005DCF8A /* SaveOrDiscardHostingController.swift */ = {isa = PBXFileReference; lastKnownFileType = sourcecode.swift; path = SaveOrDiscardHostingController.swift; sourceTree = "<group>"; };
		B547291F274AA0ED005DCF8A /* ConfirmOrDiscardView.swift */ = {isa = PBXFileReference; lastKnownFileType = sourcecode.swift; path = ConfirmOrDiscardView.swift; sourceTree = "<group>"; };
		B5472921274AA91A005DCF8A /* KMKSwiftUIStyles.swift */ = {isa = PBXFileReference; lastKnownFileType = sourcecode.swift; path = KMKSwiftUIStyles.swift; sourceTree = "<group>"; };
		B5472923274B30FE005DCF8A /* KittyDetailsView.swift */ = {isa = PBXFileReference; lastKnownFileType = sourcecode.swift; path = KittyDetailsView.swift; sourceTree = "<group>"; };
		B5472925274B4D56005DCF8A /* KittieDetailsSwiftUI.swift */ = {isa = PBXFileReference; lastKnownFileType = sourcecode.swift; path = KittieDetailsSwiftUI.swift; sourceTree = "<group>"; };
		B5527DC225E57AD900DE2096 /* ImagesViewModel.swift */ = {isa = PBXFileReference; lastKnownFileType = sourcecode.swift; path = ImagesViewModel.swift; sourceTree = "<group>"; };
		B57427FC2618AA3200532B21 /* NetworkTests.swift */ = {isa = PBXFileReference; lastKnownFileType = sourcecode.swift; path = NetworkTests.swift; sourceTree = "<group>"; };
		B57428022618AC3A00532B21 /* MockNetwork.json */ = {isa = PBXFileReference; lastKnownFileType = text.json; path = MockNetwork.json; sourceTree = "<group>"; };
		B57512B3261A77AA00527CD5 /* SurveyCacheViewModel.swift */ = {isa = PBXFileReference; lastKnownFileType = sourcecode.swift; path = SurveyCacheViewModel.swift; sourceTree = "<group>"; };
		B57512B7261A79FC00527CD5 /* SurveysCollectionVIew.swift */ = {isa = PBXFileReference; lastKnownFileType = sourcecode.swift; path = SurveysCollectionVIew.swift; sourceTree = "<group>"; };
		B57512BD261A7A1400527CD5 /* sample_survey.json */ = {isa = PBXFileReference; lastKnownFileType = text.json; path = sample_survey.json; sourceTree = "<group>"; };
		B577223525D89FC90024BA72 /* BossConstrains.swift */ = {isa = PBXFileReference; lastKnownFileType = sourcecode.swift; path = BossConstrains.swift; sourceTree = "<group>"; };
		B59BBF1C25D776EB00A059C4 /* GameSurveyVM.swift */ = {isa = PBXFileReference; lastKnownFileType = sourcecode.swift; path = GameSurveyVM.swift; sourceTree = "<group>"; };
		B59BBF2025D777D200A059C4 /* GameSurveyModel.swift */ = {isa = PBXFileReference; lastKnownFileType = sourcecode.swift; path = GameSurveyModel.swift; sourceTree = "<group>"; };
		B59BBF2B25D84DF100A059C4 /* MainTabController.swift */ = {isa = PBXFileReference; lastKnownFileType = sourcecode.swift; path = MainTabController.swift; sourceTree = "<group>"; };
		B59BBF2F25D8509500A059C4 /* Strings.swift */ = {isa = PBXFileReference; lastKnownFileType = sourcecode.swift; path = Strings.swift; sourceTree = "<group>"; };
		B5A46C0826250A6E00F9E154 /* RealmModel.swift */ = {isa = PBXFileReference; fileEncoding = 4; lastKnownFileType = sourcecode.swift; path = RealmModel.swift; sourceTree = "<group>"; };
		B5A46C0C26250AB000F9E154 /* RealmCrud.swift */ = {isa = PBXFileReference; lastKnownFileType = sourcecode.swift; path = RealmCrud.swift; sourceTree = "<group>"; };
		B5A46C3A262518BF00F9E154 /* breeds.json */ = {isa = PBXFileReference; fileEncoding = 4; lastKnownFileType = text.json; path = breeds.json; sourceTree = "<group>"; };
		B5B54C4C2616183C00B18377 /* EmptySegue.swift */ = {isa = PBXFileReference; lastKnownFileType = sourcecode.swift; path = EmptySegue.swift; sourceTree = "<group>"; };
		B5B54C6E2617A11D00B18377 /* Mkk-iOSTests.xctest */ = {isa = PBXFileReference; explicitFileType = wrapper.cfbundle; includeInIndex = 0; path = "Mkk-iOSTests.xctest"; sourceTree = BUILT_PRODUCTS_DIR; };
		B5B54C702617A11D00B18377 /* VoteViewModelTests.swift */ = {isa = PBXFileReference; lastKnownFileType = sourcecode.swift; path = VoteViewModelTests.swift; sourceTree = "<group>"; };
		B5B54C722617A11D00B18377 /* Info.plist */ = {isa = PBXFileReference; lastKnownFileType = text.plist.xml; path = Info.plist; sourceTree = "<group>"; };
		B5B54C8F2617A64100B18377 /* Protocols.swift */ = {isa = PBXFileReference; lastKnownFileType = sourcecode.swift; path = Protocols.swift; sourceTree = "<group>"; };
		B5B54CA62617C6BF00B18377 /* Model.xcdatamodel */ = {isa = PBXFileReference; lastKnownFileType = wrapper.xcdatamodel; path = Model.xcdatamodel; sourceTree = "<group>"; };
		B5B54CD22617CF4600B18377 /* Mkk-iOS.entitlements */ = {isa = PBXFileReference; lastKnownFileType = text.plist.entitlements; path = "Mkk-iOS.entitlements"; sourceTree = "<group>"; };
		B5B54CE52617F9E600B18377 /* KITTY_API_CONFIG.swift */ = {isa = PBXFileReference; lastKnownFileType = sourcecode.swift; path = KITTY_API_CONFIG.swift; sourceTree = "<group>"; };
		B5CBA52525FA8AB900621682 /* CollectionViewModel.swift */ = {isa = PBXFileReference; lastKnownFileType = sourcecode.swift; path = CollectionViewModel.swift; sourceTree = "<group>"; };
		B5CBA52825FA93B500621682 /* StatsModel.swift */ = {isa = PBXFileReference; lastKnownFileType = sourcecode.swift; path = StatsModel.swift; sourceTree = "<group>"; };
		B5CBA52B25FA944F00621682 /* Schema.swift */ = {isa = PBXFileReference; lastKnownFileType = sourcecode.swift; path = Schema.swift; sourceTree = "<group>"; };
		B5D9458225E49E52005C6DC6 /* KMKFonts.swift */ = {isa = PBXFileReference; lastKnownFileType = sourcecode.swift; path = KMKFonts.swift; sourceTree = "<group>"; };
		B5DBA93A27418FC50075A45D /* GoogleService-Info.plist */ = {isa = PBXFileReference; fileEncoding = 4; lastKnownFileType = text.plist.xml; path = "GoogleService-Info.plist"; sourceTree = "<group>"; };
		B5DBA93C2741AF9B0075A45D /* ZeusToggles.swift */ = {isa = PBXFileReference; lastKnownFileType = sourcecode.swift; path = ZeusToggles.swift; sourceTree = "<group>"; };
		B5DBA93E2741B7CB0075A45D /* LoadingButton.swift */ = {isa = PBXFileReference; lastKnownFileType = sourcecode.swift; path = LoadingButton.swift; sourceTree = "<group>"; };
		B5E7A62B25D6F7520076F12C /* Mkk-iOS.app */ = {isa = PBXFileReference; explicitFileType = wrapper.application; includeInIndex = 0; path = "Mkk-iOS.app"; sourceTree = BUILT_PRODUCTS_DIR; };
		B5E7A62E25D6F7520076F12C /* AppDelegate.swift */ = {isa = PBXFileReference; lastKnownFileType = sourcecode.swift; path = AppDelegate.swift; sourceTree = "<group>"; };
		B5E7A63025D6F7520076F12C /* SceneDelegate.swift */ = {isa = PBXFileReference; lastKnownFileType = sourcecode.swift; path = SceneDelegate.swift; sourceTree = "<group>"; };
		B5E7A63725D6F7540076F12C /* Assets.xcassets */ = {isa = PBXFileReference; lastKnownFileType = folder.assetcatalog; path = Assets.xcassets; sourceTree = "<group>"; };
		B5E7A63A25D6F7540076F12C /* Base */ = {isa = PBXFileReference; lastKnownFileType = file.storyboard; name = Base; path = Base.lproj/LaunchScreen.storyboard; sourceTree = "<group>"; };
		B5E7A63C25D6F7540076F12C /* Info.plist */ = {isa = PBXFileReference; lastKnownFileType = text.plist.xml; path = Info.plist; sourceTree = "<group>"; };
		B5F4317B27499289008DAE78 /* ListKittiesView.swift */ = {isa = PBXFileReference; lastKnownFileType = sourcecode.swift; path = ListKittiesView.swift; sourceTree = "<group>"; };
		B7470C11F53A223B807CB112 /* Pods-Mkk-iOS.debug.xcconfig */ = {isa = PBXFileReference; includeInIndex = 1; lastKnownFileType = text.xcconfig; name = "Pods-Mkk-iOS.debug.xcconfig"; path = "Target Support Files/Pods-Mkk-iOS/Pods-Mkk-iOS.debug.xcconfig"; sourceTree = "<group>"; };
		BFEDF294E5679BC97DB1DC51 /* Pods_Mkk_iOSTests.framework */ = {isa = PBXFileReference; explicitFileType = wrapper.framework; includeInIndex = 0; path = Pods_Mkk_iOSTests.framework; sourceTree = BUILT_PRODUCTS_DIR; };
		C6082C0227810D420005D81F /* WhileYouWereAwayAlert.swift */ = {isa = PBXFileReference; lastKnownFileType = sourcecode.swift; path = WhileYouWereAwayAlert.swift; sourceTree = "<group>"; };
		C6202D23277AA617003F4D32 /* KittyActionButtonContainer.swift */ = {isa = PBXFileReference; fileEncoding = 4; lastKnownFileType = sourcecode.swift; path = KittyActionButtonContainer.swift; sourceTree = "<group>"; };
		C6202D27277AB0C6003F4D32 /* PourWaterTile.swift */ = {isa = PBXFileReference; lastKnownFileType = sourcecode.swift; path = PourWaterTile.swift; sourceTree = "<group>"; };
		C6202D29277AB0E0003F4D32 /* FoodBowlTile.swift */ = {isa = PBXFileReference; lastKnownFileType = sourcecode.swift; path = FoodBowlTile.swift; sourceTree = "<group>"; };
		C6202D2B277AB19F003F4D32 /* UseToyTile.swift */ = {isa = PBXFileReference; lastKnownFileType = sourcecode.swift; path = UseToyTile.swift; sourceTree = "<group>"; };
		C6202D2D277AB2A0003F4D32 /* HintWrapper.swift */ = {isa = PBXFileReference; lastKnownFileType = sourcecode.swift; path = HintWrapper.swift; sourceTree = "<group>"; };
		C6202D2F277B82B4003F4D32 /* KittyPlagroundHostingController.swift */ = {isa = PBXFileReference; lastKnownFileType = sourcecode.swift; path = KittyPlagroundHostingController.swift; sourceTree = "<group>"; };
		C6202D32277B949C003F4D32 /* ActionButtonViewControllerTests.swift */ = {isa = PBXFileReference; lastKnownFileType = sourcecode.swift; path = ActionButtonViewControllerTests.swift; sourceTree = "<group>"; };
		C6202D34277B99C2003F4D32 /* PlaygroundState.plist */ = {isa = PBXFileReference; lastKnownFileType = text.plist.xml; path = PlaygroundState.plist; sourceTree = "<group>"; };
		C6202D36277BA053003F4D32 /* KittyPlistManager.swift */ = {isa = PBXFileReference; lastKnownFileType = sourcecode.swift; path = KittyPlistManager.swift; sourceTree = "<group>"; };
		C678C6572790C68200078926 /* FoodLevelIndicator.swift */ = {isa = PBXFileReference; lastKnownFileType = sourcecode.swift; path = FoodLevelIndicator.swift; sourceTree = "<group>"; };
		C695B6312761515200FB00F7 /* ScheduleKittyView.swift */ = {isa = PBXFileReference; lastKnownFileType = sourcecode.swift; path = ScheduleKittyView.swift; sourceTree = "<group>"; };
		C69EDAF9278A364300FE619E /* Date.swift */ = {isa = PBXFileReference; lastKnownFileType = sourcecode.swift; path = Date.swift; sourceTree = "<group>"; };
		C69EDAFB278A486300FE619E /* KMKButtons.swift */ = {isa = PBXFileReference; lastKnownFileType = sourcecode.swift; path = KMKButtons.swift; sourceTree = "<group>"; };
		C6B1AD782780FE0600BFA90B /* ToyItumListView.swift */ = {isa = PBXFileReference; lastKnownFileType = sourcecode.swift; path = ToyItumListView.swift; sourceTree = "<group>"; };
		C6EEB63E2790FCFC00EACF27 /* ListKittiesHostingController.swift */ = {isa = PBXFileReference; lastKnownFileType = sourcecode.swift; path = ListKittiesHostingController.swift; sourceTree = "<group>"; };
		C6FB3E5D277F83270010C076 /* KMKImagePicker.swift */ = {isa = PBXFileReference; lastKnownFileType = sourcecode.swift; path = KMKImagePicker.swift; sourceTree = "<group>"; };
		C6FB3E5F2780C3AF0010C076 /* WanderingKittyModel.swift */ = {isa = PBXFileReference; lastKnownFileType = sourcecode.swift; path = WanderingKittyModel.swift; sourceTree = "<group>"; };
		E04F2B701C1D71ABD1013919 /* Pods-Mkk-iOSTests.debug.xcconfig */ = {isa = PBXFileReference; includeInIndex = 1; lastKnownFileType = text.xcconfig; name = "Pods-Mkk-iOSTests.debug.xcconfig"; path = "Target Support Files/Pods-Mkk-iOSTests/Pods-Mkk-iOSTests.debug.xcconfig"; sourceTree = "<group>"; };
/* End PBXFileReference section */

/* Begin PBXFrameworksBuildPhase section */
		B546519F26F6A85400A16F38 /* Frameworks */ = {
			isa = PBXFrameworksBuildPhase;
			buildActionMask = 2147483647;
			files = (
				B54651A626F6A85400A16F38 /* SwiftUI.framework in Frameworks */,
				B54651A426F6A85400A16F38 /* WidgetKit.framework in Frameworks */,
			);
			runOnlyForDeploymentPostprocessing = 0;
		};
		B5B54C6B2617A11D00B18377 /* Frameworks */ = {
			isa = PBXFrameworksBuildPhase;
			buildActionMask = 2147483647;
			files = (
				88D8603C82A44D3C53BFEDE1 /* Pods_Mkk_iOSTests.framework in Frameworks */,
			);
			runOnlyForDeploymentPostprocessing = 0;
		};
		B5E7A62825D6F7520076F12C /* Frameworks */ = {
			isa = PBXFrameworksBuildPhase;
			buildActionMask = 2147483647;
			files = (
				0178B6DE9157D3E7691ACD72 /* Pods_Mkk_iOS.framework in Frameworks */,
			);
			runOnlyForDeploymentPostprocessing = 0;
		};
/* End PBXFrameworksBuildPhase section */

/* Begin PBXGroup section */
		5CD7AB02317EACA0A9753D80 /* Frameworks */ = {
			isa = PBXGroup;
			children = (
				AA58CB06D6B838C0A949E881 /* Pods_Mkk_iOS.framework */,
				BFEDF294E5679BC97DB1DC51 /* Pods_Mkk_iOSTests.framework */,
				B54651A326F6A85400A16F38 /* WidgetKit.framework */,
				B54651A526F6A85400A16F38 /* SwiftUI.framework */,
			);
			name = Frameworks;
			sourceTree = "<group>";
		};
		B546519D26F02FA400A16F38 /* common */ = {
			isa = PBXGroup;
			children = (
				B51784CA25D874E7004472DB /* NotificationObjects.swift */,
				B5B54C8F2617A64100B18377 /* Protocols.swift */,
				B5CBA52B25FA944F00621682 /* Schema.swift */,
				B59BBF2F25D8509500A059C4 /* Strings.swift */,
				B5DBA93C2741AF9B0075A45D /* ZeusToggles.swift */,
				B5472921274AA91A005DCF8A /* KMKSwiftUIStyles.swift */,
			);
			path = common;
			sourceTree = "<group>";
		};
		B54651A726F6A85400A16F38 /* SavedDataInfotainment */ = {
			isa = PBXGroup;
			children = (
				B54651CA26F78B8D00A16F38 /* widgets */,
				B54651A826F6A85400A16F38 /* SavedDataInfotainment.swift */,
				B54651AA26F6A85400A16F38 /* SavedDataInfotainment.intentdefinition */,
				B54651AB26F6A85600A16F38 /* Assets.xcassets */,
				B54651AD26F6A85600A16F38 /* Info.plist */,
			);
			path = SavedDataInfotainment;
			sourceTree = "<group>";
		};
		B54651CA26F78B8D00A16F38 /* widgets */ = {
			isa = PBXGroup;
			children = (
				B54651CB26F78BC100A16F38 /* compare2items */,
			);
			path = widgets;
			sourceTree = "<group>";
		};
		B54651CB26F78BC100A16F38 /* compare2items */ = {
			isa = PBXGroup;
			children = (
				B54651CE26F78BDD00A16F38 /* viewmodel */,
				B54651CC26F78BD500A16F38 /* view */,
			);
			path = compare2items;
			sourceTree = "<group>";
		};
		B54651CC26F78BD500A16F38 /* view */ = {
			isa = PBXGroup;
			children = (
				B54651CF26F78C6900A16F38 /* JumbotronLayout.swift */,
				B54651D326F7E11F00A16F38 /* ProgressBar.swift */,
			);
			path = view;
			sourceTree = "<group>";
		};
		B54651CE26F78BDD00A16F38 /* viewmodel */ = {
			isa = PBXGroup;
			children = (
			);
			path = viewmodel;
			sourceTree = "<group>";
		};
		B577223325D89FAA0024BA72 /* Extensions */ = {
			isa = PBXGroup;
			children = (
				B577223525D89FC90024BA72 /* BossConstrains.swift */,
				B5D9458225E49E52005C6DC6 /* KMKFonts.swift */,
				B544121A25EFD7B900C0D629 /* Netowrk.swift */,
				B5B54C4C2616183C00B18377 /* EmptySegue.swift */,
				B5DBA93E2741B7CB0075A45D /* LoadingButton.swift */,
				C69EDAF9278A364300FE619E /* Date.swift */,
			);
			path = Extensions;
			sourceTree = "<group>";
		};
		B59BBF1825D775CA00A059C4 /* Model */ = {
			isa = PBXGroup;
			children = (
				B546519D26F02FA400A16F38 /* common */,
				B5A46C0726250A5A00F9E154 /* CoreData */,
				B5A46C0426250A5200F9E154 /* Realm */,
				B59BBF2025D777D200A059C4 /* GameSurveyModel.swift */,
				B5CBA52825FA93B500621682 /* StatsModel.swift */,
				C6202D34277B99C2003F4D32 /* PlaygroundState.plist */,
				C6202D36277BA053003F4D32 /* KittyPlistManager.swift */,
				C6FB3E5F2780C3AF0010C076 /* WanderingKittyModel.swift */,
			);
			path = Model;
			sourceTree = "<group>";
		};
		B5A46C0426250A5200F9E154 /* Realm */ = {
			isa = PBXGroup;
			children = (
				B5A46C3A262518BF00F9E154 /* breeds.json */,
				B5A46C0826250A6E00F9E154 /* RealmModel.swift */,
				B5A46C0C26250AB000F9E154 /* RealmCrud.swift */,
			);
			path = Realm;
			sourceTree = "<group>";
		};
		B5A46C0726250A5A00F9E154 /* CoreData */ = {
			isa = PBXGroup;
			children = (
				B521F3492618DA7400E7A87D /* CoreData.swift */,
				B5B54CA52617C6BF00B18377 /* Model.xcdatamodeld */,
			);
			path = CoreData;
			sourceTree = "<group>";
		};
		B5B54C6F2617A11D00B18377 /* Mkk-iOSTests */ = {
			isa = PBXGroup;
			children = (
				C6202D31277B9449003F4D32 /* KittyPlayground */,
				B5B54C702617A11D00B18377 /* VoteViewModelTests.swift */,
				B5B54C722617A11D00B18377 /* Info.plist */,
				B57427FC2618AA3200532B21 /* NetworkTests.swift */,
				B57428022618AC3A00532B21 /* MockNetwork.json */,
				B57512B7261A79FC00527CD5 /* SurveysCollectionVIew.swift */,
				B57512BD261A7A1400527CD5 /* sample_survey.json */,
			);
			path = "Mkk-iOSTests";
			sourceTree = "<group>";
		};
		B5E7A62225D6F7520076F12C = {
			isa = PBXGroup;
			children = (
				B5E7A62D25D6F7520076F12C /* Mkk-iOS */,
				B5B54C6F2617A11D00B18377 /* Mkk-iOSTests */,
				B5E7A62C25D6F7520076F12C /* Products */,
				E843461F8CE973D865C722E2 /* Pods */,
				5CD7AB02317EACA0A9753D80 /* Frameworks */,
			);
			sourceTree = "<group>";
		};
		B5E7A62C25D6F7520076F12C /* Products */ = {
			isa = PBXGroup;
			children = (
				B5E7A62B25D6F7520076F12C /* Mkk-iOS.app */,
				B5B54C6E2617A11D00B18377 /* Mkk-iOSTests.xctest */,
				B54651A226F6A85400A16F38 /* SavedDataInfotainmentExtension.appex */,
			);
			name = Products;
			sourceTree = "<group>";
		};
		B5E7A62D25D6F7520076F12C /* Mkk-iOS */ = {
			isa = PBXGroup;
			children = (
				B5DBA93A27418FC50075A45D /* GoogleService-Info.plist */,
				B5E7A64525D6F92C0076F12C /* ViewModel */,
				B59BBF1825D775CA00A059C4 /* Model */,
				B5E7A64425D6F9210076F12C /* View */,
				B5B54CD22617CF4600B18377 /* Mkk-iOS.entitlements */,
				B577223325D89FAA0024BA72 /* Extensions */,
				B5E7A63C25D6F7540076F12C /* Info.plist */,
				B5B54CE52617F9E600B18377 /* KITTY_API_CONFIG.swift */,
				B54651A726F6A85400A16F38 /* SavedDataInfotainment */,
			);
			path = "Mkk-iOS";
			sourceTree = "<group>";
		};
		B5E7A64425D6F9210076F12C /* View */ = {
			isa = PBXGroup;
			children = (
				B5F4317A27499275008DAE78 /* swiftui */,
				B5E7A64825D6F9BF0076F12C /* boards */,
				B5E7A64725D6F9AD0076F12C /* vc */,
				B5E7A63725D6F7540076F12C /* Assets.xcassets */,
				B5E7A62E25D6F7520076F12C /* AppDelegate.swift */,
				B5E7A63025D6F7520076F12C /* SceneDelegate.swift */,
				B59BBF2B25D84DF100A059C4 /* MainTabController.swift */,
			);
			path = View;
			sourceTree = "<group>";
		};
		B5E7A64525D6F92C0076F12C /* ViewModel */ = {
			isa = PBXGroup;
			children = (
				B57512B3261A77AA00527CD5 /* SurveyCacheViewModel.swift */,
				B59BBF1C25D776EB00A059C4 /* GameSurveyVM.swift */,
				B5527DC225E57AD900DE2096 /* ImagesViewModel.swift */,
				B5CBA52525FA8AB900621682 /* CollectionViewModel.swift */,
			);
			path = ViewModel;
			sourceTree = "<group>";
		};
		B5E7A64725D6F9AD0076F12C /* vc */ = {
			isa = PBXGroup;
			children = (
				B547291D274A949A005DCF8A /* SaveOrDiscardHostingController.swift */,
				B5472925274B4D56005DCF8A /* KittieDetailsSwiftUI.swift */,
				C6202D2F277B82B4003F4D32 /* KittyPlagroundHostingController.swift */,
				C6EEB63E2790FCFC00EACF27 /* ListKittiesHostingController.swift */,
			);
			path = vc;
			sourceTree = "<group>";
		};
		B5E7A64825D6F9BF0076F12C /* boards */ = {
			isa = PBXGroup;
			children = (
				B5E7A63925D6F7540076F12C /* LaunchScreen.storyboard */,
			);
			path = boards;
			sourceTree = "<group>";
		};
		B5F4317A27499275008DAE78 /* swiftui */ = {
			isa = PBXGroup;
			children = (
				C6FB3E5C277F83090010C076 /* ConfirmOrDiscardKitty */,
				C6202D22277AA5E7003F4D32 /* KittyPlayground */,
				B5F4317B27499289008DAE78 /* ListKittiesView.swift */,
				B5472923274B30FE005DCF8A /* KittyDetailsView.swift */,
				C695B6312761515200FB00F7 /* ScheduleKittyView.swift */,
				C69EDAFB278A486300FE619E /* KMKButtons.swift */,
			);
			path = swiftui;
			sourceTree = "<group>";
		};
		C6202D22277AA5E7003F4D32 /* KittyPlayground */ = {
			isa = PBXGroup;
			children = (
				C678C6592790EA6B00078926 /* Toys */,
				C678C6562790C64800078926 /* FoodBowl */,
				C6202D23277AA617003F4D32 /* KittyActionButtonContainer.swift */,
				C6202D27277AB0C6003F4D32 /* PourWaterTile.swift */,
				C6202D2D277AB2A0003F4D32 /* HintWrapper.swift */,
				C6082C0227810D420005D81F /* WhileYouWereAwayAlert.swift */,
			);
			path = KittyPlayground;
			sourceTree = "<group>";
		};
		C6202D31277B9449003F4D32 /* KittyPlayground */ = {
			isa = PBXGroup;
			children = (
				C6202D32277B949C003F4D32 /* ActionButtonViewControllerTests.swift */,
			);
			path = KittyPlayground;
			sourceTree = "<group>";
		};
		C678C6562790C64800078926 /* FoodBowl */ = {
			isa = PBXGroup;
			children = (
				C6202D29277AB0E0003F4D32 /* FoodBowlTile.swift */,
				C678C6572790C68200078926 /* FoodLevelIndicator.swift */,
			);
			path = FoodBowl;
			sourceTree = "<group>";
		};
		C678C6592790EA6B00078926 /* Toys */ = {
			isa = PBXGroup;
			children = (
				C6B1AD782780FE0600BFA90B /* ToyItumListView.swift */,
				C6202D2B277AB19F003F4D32 /* UseToyTile.swift */,
			);
			path = Toys;
			sourceTree = "<group>";
		};
		C6FB3E5C277F83090010C076 /* ConfirmOrDiscardKitty */ = {
			isa = PBXGroup;
			children = (
				B547291F274AA0ED005DCF8A /* ConfirmOrDiscardView.swift */,
				C6FB3E5D277F83270010C076 /* KMKImagePicker.swift */,
			);
			path = ConfirmOrDiscardKitty;
			sourceTree = "<group>";
		};
		E843461F8CE973D865C722E2 /* Pods */ = {
			isa = PBXGroup;
			children = (
				B7470C11F53A223B807CB112 /* Pods-Mkk-iOS.debug.xcconfig */,
				B2381C6BCA850B28816BCB03 /* Pods-Mkk-iOS.release.xcconfig */,
				E04F2B701C1D71ABD1013919 /* Pods-Mkk-iOSTests.debug.xcconfig */,
				4FC131466976AA12FA0CB21F /* Pods-Mkk-iOSTests.release.xcconfig */,
			);
			path = Pods;
			sourceTree = "<group>";
		};
/* End PBXGroup section */

/* Begin PBXNativeTarget section */
		B54651A126F6A85400A16F38 /* SavedDataInfotainmentExtension */ = {
			isa = PBXNativeTarget;
			buildConfigurationList = B54651B326F6A85600A16F38 /* Build configuration list for PBXNativeTarget "SavedDataInfotainmentExtension" */;
			buildPhases = (
				B546519E26F6A85400A16F38 /* Sources */,
				B546519F26F6A85400A16F38 /* Frameworks */,
				B54651A026F6A85400A16F38 /* Resources */,
			);
			buildRules = (
			);
			dependencies = (
			);
			name = SavedDataInfotainmentExtension;
			productName = SavedDataInfotainmentExtension;
			productReference = B54651A226F6A85400A16F38 /* SavedDataInfotainmentExtension.appex */;
			productType = "com.apple.product-type.app-extension";
		};
		B5B54C6D2617A11D00B18377 /* Mkk-iOSTests */ = {
			isa = PBXNativeTarget;
			buildConfigurationList = B5B54C772617A11D00B18377 /* Build configuration list for PBXNativeTarget "Mkk-iOSTests" */;
			buildPhases = (
				B8BAD8F2DE2751B55A0960D7 /* [CP] Check Pods Manifest.lock */,
				B5B54C6A2617A11D00B18377 /* Sources */,
				B5B54C6B2617A11D00B18377 /* Frameworks */,
				B5B54C6C2617A11D00B18377 /* Resources */,
			);
			buildRules = (
			);
			dependencies = (
				B5B54C742617A11D00B18377 /* PBXTargetDependency */,
			);
			name = "Mkk-iOSTests";
			productName = "Mkk-iOSTests";
			productReference = B5B54C6E2617A11D00B18377 /* Mkk-iOSTests.xctest */;
			productType = "com.apple.product-type.bundle.unit-test";
		};
		B5E7A62A25D6F7520076F12C /* Mkk-iOS */ = {
			isa = PBXNativeTarget;
			buildConfigurationList = B5E7A63F25D6F7540076F12C /* Build configuration list for PBXNativeTarget "Mkk-iOS" */;
			buildPhases = (
				B613E67C6098A67182832A4C /* [CP] Check Pods Manifest.lock */,
				B5E7A62725D6F7520076F12C /* Sources */,
				B5E7A62825D6F7520076F12C /* Frameworks */,
				B5E7A62925D6F7520076F12C /* Resources */,
				99946051DC99F15D7BEF56A0 /* [CP] Embed Pods Frameworks */,
			);
			buildRules = (
			);
			dependencies = (
			);
			name = "Mkk-iOS";
			productName = "Mkk-iOS";
			productReference = B5E7A62B25D6F7520076F12C /* Mkk-iOS.app */;
			productType = "com.apple.product-type.application";
		};
/* End PBXNativeTarget section */

/* Begin PBXProject section */
		B5E7A62325D6F7520076F12C /* Project object */ = {
			isa = PBXProject;
			attributes = {
				LastSwiftUpdateCheck = 1250;
				LastUpgradeCheck = 1240;
				TargetAttributes = {
					B54651A126F6A85400A16F38 = {
						CreatedOnToolsVersion = 12.5.1;
					};
					B5B54C6D2617A11D00B18377 = {
						CreatedOnToolsVersion = 12.4;
						TestTargetID = B5E7A62A25D6F7520076F12C;
					};
					B5E7A62A25D6F7520076F12C = {
						CreatedOnToolsVersion = 12.4;
					};
				};
			};
			buildConfigurationList = B5E7A62625D6F7520076F12C /* Build configuration list for PBXProject "Mkk-iOS" */;
			compatibilityVersion = "Xcode 12.0";
			developmentRegion = en;
			hasScannedForEncodings = 0;
			knownRegions = (
				en,
				Base,
			);
			mainGroup = B5E7A62225D6F7520076F12C;
			productRefGroup = B5E7A62C25D6F7520076F12C /* Products */;
			projectDirPath = "";
			projectRoot = "";
			targets = (
				B5E7A62A25D6F7520076F12C /* Mkk-iOS */,
				B5B54C6D2617A11D00B18377 /* Mkk-iOSTests */,
				B54651A126F6A85400A16F38 /* SavedDataInfotainmentExtension */,
			);
		};
/* End PBXProject section */

/* Begin PBXResourcesBuildPhase section */
		B54651A026F6A85400A16F38 /* Resources */ = {
			isa = PBXResourcesBuildPhase;
			buildActionMask = 2147483647;
			files = (
				B54651AC26F6A85600A16F38 /* Assets.xcassets in Resources */,
			);
			runOnlyForDeploymentPostprocessing = 0;
		};
		B5B54C6C2617A11D00B18377 /* Resources */ = {
			isa = PBXResourcesBuildPhase;
			buildActionMask = 2147483647;
			files = (
				B57428032618AC3A00532B21 /* MockNetwork.json in Resources */,
				B57512BE261A7A1400527CD5 /* sample_survey.json in Resources */,
			);
			runOnlyForDeploymentPostprocessing = 0;
		};
		B5E7A62925D6F7520076F12C /* Resources */ = {
			isa = PBXResourcesBuildPhase;
			buildActionMask = 2147483647;
			files = (
				B5DBA93B27418FC50075A45D /* GoogleService-Info.plist in Resources */,
				B5A46C3B262518BF00F9E154 /* breeds.json in Resources */,
				B5E7A63B25D6F7540076F12C /* LaunchScreen.storyboard in Resources */,
				B57428062618B28B00532B21 /* MockNetwork.json in Resources */,
				B5E7A63825D6F7540076F12C /* Assets.xcassets in Resources */,
				C6202D35277B99C2003F4D32 /* PlaygroundState.plist in Resources */,
			);
			runOnlyForDeploymentPostprocessing = 0;
		};
/* End PBXResourcesBuildPhase section */

/* Begin PBXShellScriptBuildPhase section */
		99946051DC99F15D7BEF56A0 /* [CP] Embed Pods Frameworks */ = {
			isa = PBXShellScriptBuildPhase;
			buildActionMask = 2147483647;
			files = (
			);
			inputFileListPaths = (
				"${PODS_ROOT}/Target Support Files/Pods-Mkk-iOS/Pods-Mkk-iOS-frameworks-${CONFIGURATION}-input-files.xcfilelist",
			);
			name = "[CP] Embed Pods Frameworks";
			outputFileListPaths = (
				"${PODS_ROOT}/Target Support Files/Pods-Mkk-iOS/Pods-Mkk-iOS-frameworks-${CONFIGURATION}-output-files.xcfilelist",
			);
			runOnlyForDeploymentPostprocessing = 0;
			shellPath = /bin/sh;
			shellScript = "\"${PODS_ROOT}/Target Support Files/Pods-Mkk-iOS/Pods-Mkk-iOS-frameworks.sh\"\n";
			showEnvVarsInLog = 0;
		};
		B613E67C6098A67182832A4C /* [CP] Check Pods Manifest.lock */ = {
			isa = PBXShellScriptBuildPhase;
			buildActionMask = 2147483647;
			files = (
			);
			inputFileListPaths = (
			);
			inputPaths = (
				"${PODS_PODFILE_DIR_PATH}/Podfile.lock",
				"${PODS_ROOT}/Manifest.lock",
			);
			name = "[CP] Check Pods Manifest.lock";
			outputFileListPaths = (
			);
			outputPaths = (
				"$(DERIVED_FILE_DIR)/Pods-Mkk-iOS-checkManifestLockResult.txt",
			);
			runOnlyForDeploymentPostprocessing = 0;
			shellPath = /bin/sh;
			shellScript = "diff \"${PODS_PODFILE_DIR_PATH}/Podfile.lock\" \"${PODS_ROOT}/Manifest.lock\" > /dev/null\nif [ $? != 0 ] ; then\n    # print error to STDERR\n    echo \"error: The sandbox is not in sync with the Podfile.lock. Run 'pod install' or update your CocoaPods installation.\" >&2\n    exit 1\nfi\n# This output is used by Xcode 'outputs' to avoid re-running this script phase.\necho \"SUCCESS\" > \"${SCRIPT_OUTPUT_FILE_0}\"\n";
			showEnvVarsInLog = 0;
		};
		B8BAD8F2DE2751B55A0960D7 /* [CP] Check Pods Manifest.lock */ = {
			isa = PBXShellScriptBuildPhase;
			buildActionMask = 2147483647;
			files = (
			);
			inputFileListPaths = (
			);
			inputPaths = (
				"${PODS_PODFILE_DIR_PATH}/Podfile.lock",
				"${PODS_ROOT}/Manifest.lock",
			);
			name = "[CP] Check Pods Manifest.lock";
			outputFileListPaths = (
			);
			outputPaths = (
				"$(DERIVED_FILE_DIR)/Pods-Mkk-iOSTests-checkManifestLockResult.txt",
			);
			runOnlyForDeploymentPostprocessing = 0;
			shellPath = /bin/sh;
			shellScript = "diff \"${PODS_PODFILE_DIR_PATH}/Podfile.lock\" \"${PODS_ROOT}/Manifest.lock\" > /dev/null\nif [ $? != 0 ] ; then\n    # print error to STDERR\n    echo \"error: The sandbox is not in sync with the Podfile.lock. Run 'pod install' or update your CocoaPods installation.\" >&2\n    exit 1\nfi\n# This output is used by Xcode 'outputs' to avoid re-running this script phase.\necho \"SUCCESS\" > \"${SCRIPT_OUTPUT_FILE_0}\"\n";
			showEnvVarsInLog = 0;
		};
/* End PBXShellScriptBuildPhase section */

/* Begin PBXSourcesBuildPhase section */
		B546519E26F6A85400A16F38 /* Sources */ = {
			isa = PBXSourcesBuildPhase;
			buildActionMask = 2147483647;
			files = (
				B54651D126F78F8E00A16F38 /* JumbotronLayout.swift in Sources */,
				B54651AE26F6A85600A16F38 /* SavedDataInfotainment.intentdefinition in Sources */,
				B54651D526F7E13700A16F38 /* ProgressBar.swift in Sources */,
				B54651A926F6A85400A16F38 /* SavedDataInfotainment.swift in Sources */,
			);
			runOnlyForDeploymentPostprocessing = 0;
		};
		B5B54C6A2617A11D00B18377 /* Sources */ = {
			isa = PBXSourcesBuildPhase;
			buildActionMask = 2147483647;
			files = (
				B57512C1261A7CA600527CD5 /* CollectionViewModel.swift in Sources */,
				B5B54C7D2617A13A00B18377 /* ImagesViewModel.swift in Sources */,
				B5B54C8C2617A34700B18377 /* GameSurveyModel.swift in Sources */,
				B57512B8261A79FC00527CD5 /* SurveysCollectionVIew.swift in Sources */,
				B57427FD2618AA3200532B21 /* NetworkTests.swift in Sources */,
				B5B54C862617A16300B18377 /* NotificationObjects.swift in Sources */,
				B5B54C932617A66100B18377 /* Protocols.swift in Sources */,
				B5B54C7A2617A13700B18377 /* GameSurveyVM.swift in Sources */,
				B5B54C802617A14F00B18377 /* Netowrk.swift in Sources */,
				B5B54C712617A11D00B18377 /* VoteViewModelTests.swift in Sources */,
				B5B54C832617A15E00B18377 /* Schema.swift in Sources */,
				B5B54C892617A16600B18377 /* Strings.swift in Sources */,
				C6202D33277B949C003F4D32 /* ActionButtonViewControllerTests.swift in Sources */,
				B57512C4261A7CF700527CD5 /* StatsModel.swift in Sources */,
			);
			runOnlyForDeploymentPostprocessing = 0;
		};
		B5E7A62725D6F7520076F12C /* Sources */ = {
			isa = PBXSourcesBuildPhase;
			buildActionMask = 2147483647;
			files = (
				B5CBA52625FA8AB900621682 /* CollectionViewModel.swift in Sources */,
				C6202D2A277AB0E0003F4D32 /* FoodBowlTile.swift in Sources */,
				B5DBA93F2741B7CB0075A45D /* LoadingButton.swift in Sources */,
				C69EDAFA278A364300FE619E /* Date.swift in Sources */,
				B547291E274A949A005DCF8A /* SaveOrDiscardHostingController.swift in Sources */,
				B54651AF26F6A85600A16F38 /* SavedDataInfotainment.intentdefinition in Sources */,
				B51784CB25D874E7004472DB /* NotificationObjects.swift in Sources */,
				B521F34A2618DA7400E7A87D /* CoreData.swift in Sources */,
				B5E7A62F25D6F7520076F12C /* AppDelegate.swift in Sources */,
				B5472926274B4D56005DCF8A /* KittieDetailsSwiftUI.swift in Sources */,
				C6202D28277AB0C6003F4D32 /* PourWaterTile.swift in Sources */,
				B5B54C902617A64100B18377 /* Protocols.swift in Sources */,
				C69EDAFC278A486300FE619E /* KMKButtons.swift in Sources */,
				C6202D37277BA053003F4D32 /* KittyPlistManager.swift in Sources */,
				C6082C0327810D420005D81F /* WhileYouWereAwayAlert.swift in Sources */,
				C6202D2C277AB19F003F4D32 /* UseToyTile.swift in Sources */,
				B5F4317C27499289008DAE78 /* ListKittiesView.swift in Sources */,
				B5527DC325E57AD900DE2096 /* ImagesViewModel.swift in Sources */,
				C6202D2E277AB2A0003F4D32 /* HintWrapper.swift in Sources */,
				B59BBF2C25D84DF100A059C4 /* MainTabController.swift in Sources */,
				B5D9458325E49E52005C6DC6 /* KMKFonts.swift in Sources */,
				C6B1AD792780FE0600BFA90B /* ToyItumListView.swift in Sources */,
				B57512B4261A77AA00527CD5 /* SurveyCacheViewModel.swift in Sources */,
				B57512C7261A7CF700527CD5 /* StatsModel.swift in Sources */,
				B5B54CA72617C6BF00B18377 /* Model.xcdatamodeld in Sources */,
				B5472924274B30FE005DCF8A /* KittyDetailsView.swift in Sources */,
				C6EEB63F2790FCFC00EACF27 /* ListKittiesHostingController.swift in Sources */,
				B5472922274AA91A005DCF8A /* KMKSwiftUIStyles.swift in Sources */,
				B5DBA93D2741AF9B0075A45D /* ZeusToggles.swift in Sources */,
				C6202D24277AA618003F4D32 /* KittyActionButtonContainer.swift in Sources */,
				B5A46C0D26250AB000F9E154 /* RealmCrud.swift in Sources */,
				B5B54C4D2616183C00B18377 /* EmptySegue.swift in Sources */,
				B54651D626F7E14300A16F38 /* ProgressBar.swift in Sources */,
				B59BBF1D25D776EB00A059C4 /* GameSurveyVM.swift in Sources */,
				B5A46C0926250A6E00F9E154 /* RealmModel.swift in Sources */,
				B577223625D89FC90024BA72 /* BossConstrains.swift in Sources */,
				B544121B25EFD7B900C0D629 /* Netowrk.swift in Sources */,
				C6202D30277B82B4003F4D32 /* KittyPlagroundHostingController.swift in Sources */,
				C678C6582790C68200078926 /* FoodLevelIndicator.swift in Sources */,
				B59BBF3025D8509500A059C4 /* Strings.swift in Sources */,
				B5CBA52C25FA944F00621682 /* Schema.swift in Sources */,
				C695B6322761515200FB00F7 /* ScheduleKittyView.swift in Sources */,
				B54651D026F78C6900A16F38 /* JumbotronLayout.swift in Sources */,
				B5E7A63125D6F7520076F12C /* SceneDelegate.swift in Sources */,
				B5472920274AA0ED005DCF8A /* ConfirmOrDiscardView.swift in Sources */,
				C6FB3E602780C3AF0010C076 /* WanderingKittyModel.swift in Sources */,
				C6FB3E5E277F83270010C076 /* KMKImagePicker.swift in Sources */,
				B5B54CE62617F9E600B18377 /* KITTY_API_CONFIG.swift in Sources */,
				B59BBF2125D777D200A059C4 /* GameSurveyModel.swift in Sources */,
			);
			runOnlyForDeploymentPostprocessing = 0;
		};
/* End PBXSourcesBuildPhase section */

/* Begin PBXTargetDependency section */
		B5B54C742617A11D00B18377 /* PBXTargetDependency */ = {
			isa = PBXTargetDependency;
			target = B5E7A62A25D6F7520076F12C /* Mkk-iOS */;
			targetProxy = B5B54C732617A11D00B18377 /* PBXContainerItemProxy */;
		};
/* End PBXTargetDependency section */

/* Begin PBXVariantGroup section */
		B5E7A63925D6F7540076F12C /* LaunchScreen.storyboard */ = {
			isa = PBXVariantGroup;
			children = (
				B5E7A63A25D6F7540076F12C /* Base */,
			);
			name = LaunchScreen.storyboard;
			sourceTree = "<group>";
		};
/* End PBXVariantGroup section */

/* Begin XCBuildConfiguration section */
		B54651B426F6A85600A16F38 /* Debug */ = {
			isa = XCBuildConfiguration;
			buildSettings = {
				ASSETCATALOG_COMPILER_GLOBAL_ACCENT_COLOR_NAME = AccentColor;
				ASSETCATALOG_COMPILER_WIDGET_BACKGROUND_COLOR_NAME = WidgetBackground;
				CODE_SIGN_STYLE = Automatic;
				DEVELOPMENT_TEAM = 3463GQXGTB;
				INFOPLIST_FILE = SavedDataInfotainment/Info.plist;
				IPHONEOS_DEPLOYMENT_TARGET = 14.1;
				LD_RUNPATH_SEARCH_PATHS = (
					"$(inherited)",
					"@executable_path/Frameworks",
					"@executable_path/../../Frameworks",
				);
				PRODUCT_BUNDLE_IDENTIFIER = com.lozzoc.realmcatcollection.SavedDataInfotainment;
				PRODUCT_NAME = "$(TARGET_NAME)";
				SKIP_INSTALL = YES;
				SWIFT_VERSION = 5.0;
				TARGETED_DEVICE_FAMILY = 1;
			};
			name = Debug;
		};
		B54651B526F6A85600A16F38 /* Release */ = {
			isa = XCBuildConfiguration;
			buildSettings = {
				ASSETCATALOG_COMPILER_GLOBAL_ACCENT_COLOR_NAME = AccentColor;
				ASSETCATALOG_COMPILER_WIDGET_BACKGROUND_COLOR_NAME = WidgetBackground;
				CODE_SIGN_STYLE = Automatic;
				DEVELOPMENT_TEAM = 3463GQXGTB;
				INFOPLIST_FILE = SavedDataInfotainment/Info.plist;
				IPHONEOS_DEPLOYMENT_TARGET = 14.1;
				LD_RUNPATH_SEARCH_PATHS = (
					"$(inherited)",
					"@executable_path/Frameworks",
					"@executable_path/../../Frameworks",
				);
				PRODUCT_BUNDLE_IDENTIFIER = com.lozzoc.realmcatcollection.SavedDataInfotainment;
				PRODUCT_NAME = "$(TARGET_NAME)";
				SKIP_INSTALL = YES;
				SWIFT_VERSION = 5.0;
				TARGETED_DEVICE_FAMILY = 1;
			};
			name = Release;
		};
		B5B54C752617A11D00B18377 /* Debug */ = {
			isa = XCBuildConfiguration;
			baseConfigurationReference = E04F2B701C1D71ABD1013919 /* Pods-Mkk-iOSTests.debug.xcconfig */;
			buildSettings = {
				BUNDLE_LOADER = "$(TEST_HOST)";
				CODE_SIGN_STYLE = Automatic;
				DEVELOPMENT_TEAM = 3463GQXGTB;
				INFOPLIST_FILE = "Mkk-iOSTests/Info.plist";
				LD_RUNPATH_SEARCH_PATHS = (
					"$(inherited)",
					"@executable_path/Frameworks",
					"@loader_path/Frameworks",
				);
				PRODUCT_BUNDLE_IDENTIFIER = "com.lozzoc.Mkk-iOSTests";
				PRODUCT_NAME = "$(TARGET_NAME)";
				SWIFT_VERSION = 5.0;
				TARGETED_DEVICE_FAMILY = "1,2";
				TEST_HOST = "$(BUILT_PRODUCTS_DIR)/Mkk-iOS.app/Mkk-iOS";
			};
			name = Debug;
		};
		B5B54C762617A11D00B18377 /* Release */ = {
			isa = XCBuildConfiguration;
			baseConfigurationReference = 4FC131466976AA12FA0CB21F /* Pods-Mkk-iOSTests.release.xcconfig */;
			buildSettings = {
				BUNDLE_LOADER = "$(TEST_HOST)";
				CODE_SIGN_STYLE = Automatic;
				DEVELOPMENT_TEAM = 3463GQXGTB;
				INFOPLIST_FILE = "Mkk-iOSTests/Info.plist";
				LD_RUNPATH_SEARCH_PATHS = (
					"$(inherited)",
					"@executable_path/Frameworks",
					"@loader_path/Frameworks",
				);
				PRODUCT_BUNDLE_IDENTIFIER = "com.lozzoc.Mkk-iOSTests";
				PRODUCT_NAME = "$(TARGET_NAME)";
				SWIFT_VERSION = 5.0;
				TARGETED_DEVICE_FAMILY = "1,2";
				TEST_HOST = "$(BUILT_PRODUCTS_DIR)/Mkk-iOS.app/Mkk-iOS";
			};
			name = Release;
		};
		B5E7A63D25D6F7540076F12C /* Debug */ = {
			isa = XCBuildConfiguration;
			buildSettings = {
				ALWAYS_SEARCH_USER_PATHS = NO;
				CLANG_ANALYZER_NONNULL = YES;
				CLANG_ANALYZER_NUMBER_OBJECT_CONVERSION = YES_AGGRESSIVE;
				CLANG_CXX_LANGUAGE_STANDARD = "gnu++14";
				CLANG_CXX_LIBRARY = "libc++";
				CLANG_ENABLE_MODULES = YES;
				CLANG_ENABLE_OBJC_ARC = YES;
				CLANG_ENABLE_OBJC_WEAK = YES;
				CLANG_WARN_BLOCK_CAPTURE_AUTORELEASING = YES;
				CLANG_WARN_BOOL_CONVERSION = YES;
				CLANG_WARN_COMMA = YES;
				CLANG_WARN_CONSTANT_CONVERSION = YES;
				CLANG_WARN_DEPRECATED_OBJC_IMPLEMENTATIONS = YES;
				CLANG_WARN_DIRECT_OBJC_ISA_USAGE = YES_ERROR;
				CLANG_WARN_DOCUMENTATION_COMMENTS = YES;
				CLANG_WARN_EMPTY_BODY = YES;
				CLANG_WARN_ENUM_CONVERSION = YES;
				CLANG_WARN_INFINITE_RECURSION = YES;
				CLANG_WARN_INT_CONVERSION = YES;
				CLANG_WARN_NON_LITERAL_NULL_CONVERSION = YES;
				CLANG_WARN_OBJC_IMPLICIT_RETAIN_SELF = YES;
				CLANG_WARN_OBJC_LITERAL_CONVERSION = YES;
				CLANG_WARN_OBJC_ROOT_CLASS = YES_ERROR;
				CLANG_WARN_QUOTED_INCLUDE_IN_FRAMEWORK_HEADER = YES;
				CLANG_WARN_RANGE_LOOP_ANALYSIS = YES;
				CLANG_WARN_STRICT_PROTOTYPES = YES;
				CLANG_WARN_SUSPICIOUS_MOVE = YES;
				CLANG_WARN_UNGUARDED_AVAILABILITY = YES_AGGRESSIVE;
				CLANG_WARN_UNREACHABLE_CODE = YES;
				CLANG_WARN__DUPLICATE_METHOD_MATCH = YES;
				COPY_PHASE_STRIP = NO;
				DEBUG_INFORMATION_FORMAT = dwarf;
				ENABLE_STRICT_OBJC_MSGSEND = YES;
				ENABLE_TESTABILITY = YES;
				GCC_C_LANGUAGE_STANDARD = gnu11;
				GCC_DYNAMIC_NO_PIC = NO;
				GCC_NO_COMMON_BLOCKS = YES;
				GCC_OPTIMIZATION_LEVEL = 0;
				GCC_PREPROCESSOR_DEFINITIONS = (
					"DEBUG=1",
					"$(inherited)",
				);
				GCC_WARN_64_TO_32_BIT_CONVERSION = YES;
				GCC_WARN_ABOUT_RETURN_TYPE = YES_ERROR;
				GCC_WARN_UNDECLARED_SELECTOR = YES;
				GCC_WARN_UNINITIALIZED_AUTOS = YES_AGGRESSIVE;
				GCC_WARN_UNUSED_FUNCTION = YES;
				GCC_WARN_UNUSED_VARIABLE = YES;
				IPHONEOS_DEPLOYMENT_TARGET = 14.1;
				MTL_ENABLE_DEBUG_INFO = INCLUDE_SOURCE;
				MTL_FAST_MATH = YES;
				ONLY_ACTIVE_ARCH = YES;
				SDKROOT = iphoneos;
				SWIFT_ACTIVE_COMPILATION_CONDITIONS = DEBUG;
				SWIFT_OPTIMIZATION_LEVEL = "-Onone";
			};
			name = Debug;
		};
		B5E7A63E25D6F7540076F12C /* Release */ = {
			isa = XCBuildConfiguration;
			buildSettings = {
				ALWAYS_SEARCH_USER_PATHS = NO;
				CLANG_ANALYZER_NONNULL = YES;
				CLANG_ANALYZER_NUMBER_OBJECT_CONVERSION = YES_AGGRESSIVE;
				CLANG_CXX_LANGUAGE_STANDARD = "gnu++14";
				CLANG_CXX_LIBRARY = "libc++";
				CLANG_ENABLE_MODULES = YES;
				CLANG_ENABLE_OBJC_ARC = YES;
				CLANG_ENABLE_OBJC_WEAK = YES;
				CLANG_WARN_BLOCK_CAPTURE_AUTORELEASING = YES;
				CLANG_WARN_BOOL_CONVERSION = YES;
				CLANG_WARN_COMMA = YES;
				CLANG_WARN_CONSTANT_CONVERSION = YES;
				CLANG_WARN_DEPRECATED_OBJC_IMPLEMENTATIONS = YES;
				CLANG_WARN_DIRECT_OBJC_ISA_USAGE = YES_ERROR;
				CLANG_WARN_DOCUMENTATION_COMMENTS = YES;
				CLANG_WARN_EMPTY_BODY = YES;
				CLANG_WARN_ENUM_CONVERSION = YES;
				CLANG_WARN_INFINITE_RECURSION = YES;
				CLANG_WARN_INT_CONVERSION = YES;
				CLANG_WARN_NON_LITERAL_NULL_CONVERSION = YES;
				CLANG_WARN_OBJC_IMPLICIT_RETAIN_SELF = YES;
				CLANG_WARN_OBJC_LITERAL_CONVERSION = YES;
				CLANG_WARN_OBJC_ROOT_CLASS = YES_ERROR;
				CLANG_WARN_QUOTED_INCLUDE_IN_FRAMEWORK_HEADER = YES;
				CLANG_WARN_RANGE_LOOP_ANALYSIS = YES;
				CLANG_WARN_STRICT_PROTOTYPES = YES;
				CLANG_WARN_SUSPICIOUS_MOVE = YES;
				CLANG_WARN_UNGUARDED_AVAILABILITY = YES_AGGRESSIVE;
				CLANG_WARN_UNREACHABLE_CODE = YES;
				CLANG_WARN__DUPLICATE_METHOD_MATCH = YES;
				COPY_PHASE_STRIP = NO;
				DEBUG_INFORMATION_FORMAT = "dwarf-with-dsym";
				ENABLE_NS_ASSERTIONS = NO;
				ENABLE_STRICT_OBJC_MSGSEND = YES;
				GCC_C_LANGUAGE_STANDARD = gnu11;
				GCC_NO_COMMON_BLOCKS = YES;
				GCC_WARN_64_TO_32_BIT_CONVERSION = YES;
				GCC_WARN_ABOUT_RETURN_TYPE = YES_ERROR;
				GCC_WARN_UNDECLARED_SELECTOR = YES;
				GCC_WARN_UNINITIALIZED_AUTOS = YES_AGGRESSIVE;
				GCC_WARN_UNUSED_FUNCTION = YES;
				GCC_WARN_UNUSED_VARIABLE = YES;
				IPHONEOS_DEPLOYMENT_TARGET = 14.1;
				MTL_ENABLE_DEBUG_INFO = NO;
				MTL_FAST_MATH = YES;
				SDKROOT = iphoneos;
				SWIFT_COMPILATION_MODE = wholemodule;
				SWIFT_OPTIMIZATION_LEVEL = "-O";
				VALIDATE_PRODUCT = YES;
			};
			name = Release;
		};
		B5E7A64025D6F7540076F12C /* Debug */ = {
			isa = XCBuildConfiguration;
			baseConfigurationReference = B7470C11F53A223B807CB112 /* Pods-Mkk-iOS.debug.xcconfig */;
			buildSettings = {
				ASSETCATALOG_COMPILER_APPICON_NAME = AppIcon;
				ASSETCATALOG_COMPILER_GLOBAL_ACCENT_COLOR_NAME = AccentColor;
				CODE_SIGN_ENTITLEMENTS = "Mkk-iOS/Mkk-iOS.entitlements";
				CODE_SIGN_STYLE = Automatic;
				CURRENT_PROJECT_VERSION = 7;
				DEVELOPMENT_TEAM = 3463GQXGTB;
				INFOPLIST_FILE = "Mkk-iOS/Info.plist";
				IPHONEOS_DEPLOYMENT_TARGET = 14.1;
				LD_RUNPATH_SEARCH_PATHS = (
					"$(inherited)",
					"@executable_path/Frameworks",
				);
				MARKETING_VERSION = 1.5;
				PRODUCT_BUNDLE_IDENTIFIER = com.lozzoc.realmcatcollection;
				PRODUCT_NAME = "$(TARGET_NAME)";
				SUPPORTS_MACCATALYST = NO;
				SWIFT_VERSION = 5.0;
				TARGETED_DEVICE_FAMILY = 1;
			};
			name = Debug;
		};
		B5E7A64125D6F7540076F12C /* Release */ = {
			isa = XCBuildConfiguration;
			baseConfigurationReference = B2381C6BCA850B28816BCB03 /* Pods-Mkk-iOS.release.xcconfig */;
			buildSettings = {
				ASSETCATALOG_COMPILER_APPICON_NAME = AppIcon;
				ASSETCATALOG_COMPILER_GLOBAL_ACCENT_COLOR_NAME = AccentColor;
				CODE_SIGN_ENTITLEMENTS = "Mkk-iOS/Mkk-iOS.entitlements";
				CODE_SIGN_STYLE = Automatic;
				CURRENT_PROJECT_VERSION = 7;
				DEVELOPMENT_TEAM = 3463GQXGTB;
				INFOPLIST_FILE = "Mkk-iOS/Info.plist";
				IPHONEOS_DEPLOYMENT_TARGET = 14.1;
				LD_RUNPATH_SEARCH_PATHS = (
					"$(inherited)",
					"@executable_path/Frameworks",
				);
				MARKETING_VERSION = 1.5;
				PRODUCT_BUNDLE_IDENTIFIER = com.lozzoc.realmcatcollection;
				PRODUCT_NAME = "$(TARGET_NAME)";
				SUPPORTS_MACCATALYST = NO;
				SWIFT_VERSION = 5.0;
				TARGETED_DEVICE_FAMILY = 1;
			};
			name = Release;
		};
/* End XCBuildConfiguration section */

/* Begin XCConfigurationList section */
		B54651B326F6A85600A16F38 /* Build configuration list for PBXNativeTarget "SavedDataInfotainmentExtension" */ = {
			isa = XCConfigurationList;
			buildConfigurations = (
				B54651B426F6A85600A16F38 /* Debug */,
				B54651B526F6A85600A16F38 /* Release */,
			);
			defaultConfigurationIsVisible = 0;
			defaultConfigurationName = Release;
		};
		B5B54C772617A11D00B18377 /* Build configuration list for PBXNativeTarget "Mkk-iOSTests" */ = {
			isa = XCConfigurationList;
			buildConfigurations = (
				B5B54C752617A11D00B18377 /* Debug */,
				B5B54C762617A11D00B18377 /* Release */,
			);
			defaultConfigurationIsVisible = 0;
			defaultConfigurationName = Release;
		};
		B5E7A62625D6F7520076F12C /* Build configuration list for PBXProject "Mkk-iOS" */ = {
			isa = XCConfigurationList;
			buildConfigurations = (
				B5E7A63D25D6F7540076F12C /* Debug */,
				B5E7A63E25D6F7540076F12C /* Release */,
			);
			defaultConfigurationIsVisible = 0;
			defaultConfigurationName = Release;
		};
		B5E7A63F25D6F7540076F12C /* Build configuration list for PBXNativeTarget "Mkk-iOS" */ = {
			isa = XCConfigurationList;
			buildConfigurations = (
				B5E7A64025D6F7540076F12C /* Debug */,
				B5E7A64125D6F7540076F12C /* Release */,
			);
			defaultConfigurationIsVisible = 0;
			defaultConfigurationName = Release;
		};
/* End XCConfigurationList section */

/* Begin XCVersionGroup section */
		B5B54CA52617C6BF00B18377 /* Model.xcdatamodeld */ = {
			isa = XCVersionGroup;
			children = (
				B5B54CA62617C6BF00B18377 /* Model.xcdatamodel */,
			);
			currentVersion = B5B54CA62617C6BF00B18377 /* Model.xcdatamodel */;
			path = Model.xcdatamodeld;
			sourceTree = "<group>";
			versionGroupType = wrapper.xcdatamodel;
		};
/* End XCVersionGroup section */
	};
	rootObject = B5E7A62325D6F7520076F12C /* Project object */;
}
